// !$*UTF8*$!
{
	archiveVersion = 1;
	classes = {
	};
	objectVersion = 50;
	objects = {

/* Begin PBXBuildFile section */
		39005F5D22383F710006E97D /* SideMenuController.swift in Sources */ = {isa = PBXBuildFile; fileRef = 39005F5C22383F710006E97D /* SideMenuController.swift */; };
		3919F4CC23048431004347DB /* Quantity.swift in Sources */ = {isa = PBXBuildFile; fileRef = 3919F4CB23048431004347DB /* Quantity.swift */; };
		3919F4CE230485A5004347DB /* SpellBuilder.swift in Sources */ = {isa = PBXBuildFile; fileRef = 3919F4CD230485A5004347DB /* SpellBuilder.swift */; };
		3919F4D023048D07004347DB /* Distance.swift in Sources */ = {isa = PBXBuildFile; fileRef = 3919F4CF23048D07004347DB /* Distance.swift */; };
		3919F4D223048D8E004347DB /* LengthUnit.swift in Sources */ = {isa = PBXBuildFile; fileRef = 3919F4D123048D8E004347DB /* LengthUnit.swift */; };
		3919F4D423048DAA004347DB /* Unit.swift in Sources */ = {isa = PBXBuildFile; fileRef = 3919F4D323048DAA004347DB /* Unit.swift */; };
		3919F4D62304EEDA004347DB /* TimeUnit.swift in Sources */ = {isa = PBXBuildFile; fileRef = 3919F4D52304EEDA004347DB /* TimeUnit.swift */; };
		3925E9862281C6C900C5734B /* StatusPopupController.swift in Sources */ = {isa = PBXBuildFile; fileRef = 3925E9852281C6C900C5734B /* StatusPopupController.swift */; };
		39522D1521ADC15900A4DBCE /* SION.swift in Sources */ = {isa = PBXBuildFile; fileRef = 39522D1421ADC15900A4DBCE /* SION.swift */; };
		39522D1921ADC41F00A4DBCE /* SpellDataCell.swift in Sources */ = {isa = PBXBuildFile; fileRef = 39522D1821ADC41F00A4DBCE /* SpellDataCell.swift */; };
		39522D1B21ADF99500A4DBCE /* PickerViewController.swift in Sources */ = {isa = PBXBuildFile; fileRef = 39522D1A21ADF99500A4DBCE /* PickerViewController.swift */; };
		39522D1D21ADFA0A00A4DBCE /* LabelViewController.swift in Sources */ = {isa = PBXBuildFile; fileRef = 39522D1C21ADFA0A00A4DBCE /* LabelViewController.swift */; };
		39522D2121ADFBA100A4DBCE /* SpellTableViewController.swift in Sources */ = {isa = PBXBuildFile; fileRef = 39522D2021ADFBA100A4DBCE /* SpellTableViewController.swift */; };
		39522D2321B04FE500A4DBCE /* BookBackground.jpeg in Resources */ = {isa = PBXBuildFile; fileRef = 39522D2221B04FE500A4DBCE /* BookBackground.jpeg */; };
		39522D2721B1C52100A4DBCE /* SpellWindowController.swift in Sources */ = {isa = PBXBuildFile; fileRef = 39522D2621B1C52100A4DBCE /* SpellWindowController.swift */; };
		395F3A902268079100D7B382 /* CharacterSelectionController.swift in Sources */ = {isa = PBXBuildFile; fileRef = 395F3A8F2268079100D7B382 /* CharacterSelectionController.swift */; };
		395F3A94226B604600D7B382 /* PopupViewController.swift in Sources */ = {isa = PBXBuildFile; fileRef = 395F3A93226B604500D7B382 /* PopupViewController.swift */; };
		397EE96921ACA86400B116B0 /* AppDelegate.swift in Sources */ = {isa = PBXBuildFile; fileRef = 397EE96821ACA86400B116B0 /* AppDelegate.swift */; };
		397EE96B21ACA86400B116B0 /* ViewController.swift in Sources */ = {isa = PBXBuildFile; fileRef = 397EE96A21ACA86400B116B0 /* ViewController.swift */; };
		397EE96E21ACA86400B116B0 /* Main.storyboard in Resources */ = {isa = PBXBuildFile; fileRef = 397EE96C21ACA86400B116B0 /* Main.storyboard */; };
		397EE97021ACA86800B116B0 /* Assets.xcassets in Resources */ = {isa = PBXBuildFile; fileRef = 397EE96F21ACA86800B116B0 /* Assets.xcassets */; };
		397EE97321ACA86800B116B0 /* LaunchScreen.storyboard in Resources */ = {isa = PBXBuildFile; fileRef = 397EE97121ACA86800B116B0 /* LaunchScreen.storyboard */; };
		397EE97E21ACA86800B116B0 /* SpellbookTests.swift in Sources */ = {isa = PBXBuildFile; fileRef = 397EE97D21ACA86800B116B0 /* SpellbookTests.swift */; };
		397EE98921ACA86900B116B0 /* SpellbookUITests.swift in Sources */ = {isa = PBXBuildFile; fileRef = 397EE98821ACA86900B116B0 /* SpellbookUITests.swift */; };
		397EE9A121ACAF9C00B116B0 /* Spell.swift in Sources */ = {isa = PBXBuildFile; fileRef = 397EE99621ACAF9B00B116B0 /* Spell.swift */; };
		397EE9A221ACAF9C00B116B0 /* School.swift in Sources */ = {isa = PBXBuildFile; fileRef = 397EE99721ACAF9B00B116B0 /* School.swift */; };
		397EE9A321ACAF9C00B116B0 /* SpellbookError.swift in Sources */ = {isa = PBXBuildFile; fileRef = 397EE99821ACAF9B00B116B0 /* SpellbookError.swift */; };
		397EE9A421ACAF9C00B116B0 /* SpellParse.swift in Sources */ = {isa = PBXBuildFile; fileRef = 397EE99921ACAF9B00B116B0 /* SpellParse.swift */; };
		397EE9A521ACAF9C00B116B0 /* CasterClass.swift in Sources */ = {isa = PBXBuildFile; fileRef = 397EE99A21ACAF9B00B116B0 /* CasterClass.swift */; };
		397EE9A621ACAF9C00B116B0 /* Spells.json in Resources */ = {isa = PBXBuildFile; fileRef = 397EE99B21ACAF9C00B116B0 /* Spells.json */; };
		397EE9A721ACAF9C00B116B0 /* SubClass.swift in Sources */ = {isa = PBXBuildFile; fileRef = 397EE99C21ACAF9C00B116B0 /* SubClass.swift */; };
		397EE9A821ACAF9C00B116B0 /* Util.swift in Sources */ = {isa = PBXBuildFile; fileRef = 397EE99D21ACAF9C00B116B0 /* Util.swift */; };
		397EE9A921ACAF9C00B116B0 /* Spellbook.swift in Sources */ = {isa = PBXBuildFile; fileRef = 397EE99E21ACAF9C00B116B0 /* Spellbook.swift */; };
		397EE9AA21ACAF9C00B116B0 /* Sourcebook.swift in Sources */ = {isa = PBXBuildFile; fileRef = 397EE99F21ACAF9C00B116B0 /* Sourcebook.swift */; };
		397EE9AB21ACAF9C00B116B0 /* SpellComparison.swift in Sources */ = {isa = PBXBuildFile; fileRef = 397EE9A021ACAF9C00B116B0 /* SpellComparison.swift */; };
		39938E8E2305D08E008AB6C9 /* Duration.swift in Sources */ = {isa = PBXBuildFile; fileRef = 39938E8D2305D08E008AB6C9 /* Duration.swift */; };
		3997EE9B21C06E6D007DC1B6 /* SearchButton.swift in Sources */ = {isa = PBXBuildFile; fileRef = 3997EE9A21C06E6D007DC1B6 /* SearchButton.swift */; };
		3997EE9D21C07293007DC1B6 /* SearchIcon.png in Resources */ = {isa = PBXBuildFile; fileRef = 3997EE9C21C07292007DC1B6 /* SearchIcon.png */; };
		399D9E5B223A7F580054BA8F /* book_filled.png in Resources */ = {isa = PBXBuildFile; fileRef = 399D9E59223A7F570054BA8F /* book_filled.png */; };
		399D9E5C223A7F580054BA8F /* book_empty.png in Resources */ = {isa = PBXBuildFile; fileRef = 399D9E5A223A7F570054BA8F /* book_empty.png */; };
		399D9E5F223A7F670054BA8F /* wand_filled.png in Resources */ = {isa = PBXBuildFile; fileRef = 399D9E5D223A7F660054BA8F /* wand_filled.png */; };
		399D9E60223A7F670054BA8F /* wand_empty.png in Resources */ = {isa = PBXBuildFile; fileRef = 399D9E5E223A7F660054BA8F /* wand_empty.png */; };
		399D9E63223AEF660054BA8F /* dungeon.ttf in Resources */ = {isa = PBXBuildFile; fileRef = 399D9E61223AEF650054BA8F /* dungeon.ttf */; };
		399D9E64223AEF660054BA8F /* cloister_black.ttf in Resources */ = {isa = PBXBuildFile; fileRef = 399D9E62223AEF660054BA8F /* cloister_black.ttf */; };
		399D9E66223B61750054BA8F /* star.png in Resources */ = {isa = PBXBuildFile; fileRef = 399D9E65223B61750054BA8F /* star.png */; };
		399D9E682264B7830054BA8F /* SpellStatus.swift in Sources */ = {isa = PBXBuildFile; fileRef = 399D9E672264B7830054BA8F /* SpellStatus.swift */; };
		399D9E6A2264B9F20054BA8F /* Settings.swift in Sources */ = {isa = PBXBuildFile; fileRef = 399D9E692264B9F20054BA8F /* Settings.swift */; };
		399D9E6C2267D4810054BA8F /* CharacterProfile.swift in Sources */ = {isa = PBXBuildFile; fileRef = 399D9E6B2267D4810054BA8F /* CharacterProfile.swift */; };
		39A268CE223853680032158F /* SourcebookFilterController.swift in Sources */ = {isa = PBXBuildFile; fileRef = 39A268CD223853680032158F /* SourcebookFilterController.swift */; };
		39A268D02239960C0032158F /* SideMenuCell.swift in Sources */ = {isa = PBXBuildFile; fileRef = 39A268CF2239960C0032158F /* SideMenuCell.swift */; };
		39B0C11F230F514C00981A7E /* SortField.swift in Sources */ = {isa = PBXBuildFile; fileRef = 39B0C11E230F514C00981A7E /* SortField.swift */; };
		39B0C121231EE41700981A7E /* x_icon.png in Resources */ = {isa = PBXBuildFile; fileRef = 39B0C120231EE41200981A7E /* x_icon.png */; };
		39C5B23221CAE121005F08DA /* SWRevealViewController.m in Sources */ = {isa = PBXBuildFile; fileRef = 39C5B23121CAE121005F08DA /* SWRevealViewController.m */; };
		39C5B23421CAF3CB005F08DA /* StatusFilterController.swift in Sources */ = {isa = PBXBuildFile; fileRef = 39C5B23321CAF3CB005F08DA /* StatusFilterController.swift */; };
		39C5B23D21CF03A8005F08DA /* star_filled.png in Resources */ = {isa = PBXBuildFile; fileRef = 39C5B23B21CF03A1005F08DA /* star_filled.png */; };
		39C5B23E21CF03A8005F08DA /* star_empty.png in Resources */ = {isa = PBXBuildFile; fileRef = 39C5B23C21CF03A5005F08DA /* star_empty.png */; };
		39C5B24021CF1D1A005F08DA /* search_icon.png in Resources */ = {isa = PBXBuildFile; fileRef = 39C5B23F21CF1D1A005F08DA /* search_icon.png */; };
		39CFA5EC226E1882006EA33B /* CharacterTableController.swift in Sources */ = {isa = PBXBuildFile; fileRef = 39CFA5EB226E1881006EA33B /* CharacterTableController.swift */; };
		39CFA5EE226E817C006EA33B /* CharacterSelectionCell.swift in Sources */ = {isa = PBXBuildFile; fileRef = 39CFA5ED226E817C006EA33B /* CharacterSelectionCell.swift */; };
		39CFA5F0226F985C006EA33B /* CharacterCreationController.swift in Sources */ = {isa = PBXBuildFile; fileRef = 39CFA5EF226F985C006EA33B /* CharacterCreationController.swift */; };
		39CFA5F22271F030006EA33B /* trash_icon.png in Resources */ = {isa = PBXBuildFile; fileRef = 39CFA5F12271F02F006EA33B /* trash_icon.png */; };
		39CFA5F42272519B006EA33B /* DeletionPromptController.swift in Sources */ = {isa = PBXBuildFile; fileRef = 39CFA5F32272519B006EA33B /* DeletionPromptController.swift */; };
		39EB75912306E6C7001CA1EF /* EnumUtilities.swift in Sources */ = {isa = PBXBuildFile; fileRef = 39EB75902306E6C7001CA1EF /* EnumUtilities.swift */; };
		39EB75932306F948001CA1EF /* StringUtils.swift in Sources */ = {isa = PBXBuildFile; fileRef = 39EB75922306F948001CA1EF /* StringUtils.swift */; };
		39EB7595230763FA001CA1EF /* SortDirectionButton.swift in Sources */ = {isa = PBXBuildFile; fileRef = 39EB7594230763FA001CA1EF /* SortDirectionButton.swift */; };
		39EB759823077447001CA1EF /* up_arrow.png in Resources */ = {isa = PBXBuildFile; fileRef = 39EB759623077446001CA1EF /* up_arrow.png */; };
		39EB759923077447001CA1EF /* down_arrow.png in Resources */ = {isa = PBXBuildFile; fileRef = 39EB759723077447001CA1EF /* down_arrow.png */; };
		39EB759B23085368001CA1EF /* iOSUtils.swift in Sources */ = {isa = PBXBuildFile; fileRef = 39EB759A23085368001CA1EF /* iOSUtils.swift */; };
		39EB759D23088EBE001CA1EF /* SizeUtils.swift in Sources */ = {isa = PBXBuildFile; fileRef = 39EB759C23088EBE001CA1EF /* SizeUtils.swift */; };
		39EB759F230F3610001CA1EF /* StatusFilterField.swift in Sources */ = {isa = PBXBuildFile; fileRef = 39EB759E230F3610001CA1EF /* StatusFilterField.swift */; };
/* End PBXBuildFile section */

/* Begin PBXContainerItemProxy section */
		397EE97A21ACA86800B116B0 /* PBXContainerItemProxy */ = {
			isa = PBXContainerItemProxy;
			containerPortal = 397EE95D21ACA86300B116B0 /* Project object */;
			proxyType = 1;
			remoteGlobalIDString = 397EE96421ACA86400B116B0;
			remoteInfo = Spellbook;
		};
		397EE98521ACA86900B116B0 /* PBXContainerItemProxy */ = {
			isa = PBXContainerItemProxy;
			containerPortal = 397EE95D21ACA86300B116B0 /* Project object */;
			proxyType = 1;
			remoteGlobalIDString = 397EE96421ACA86400B116B0;
			remoteInfo = Spellbook;
		};
/* End PBXContainerItemProxy section */

/* Begin PBXFileReference section */
		39005F5C22383F710006E97D /* SideMenuController.swift */ = {isa = PBXFileReference; lastKnownFileType = sourcecode.swift; path = SideMenuController.swift; sourceTree = "<group>"; };
		3919F4CB23048431004347DB /* Quantity.swift */ = {isa = PBXFileReference; lastKnownFileType = sourcecode.swift; path = Quantity.swift; sourceTree = "<group>"; };
		3919F4CD230485A5004347DB /* SpellBuilder.swift */ = {isa = PBXFileReference; lastKnownFileType = sourcecode.swift; path = SpellBuilder.swift; sourceTree = "<group>"; };
		3919F4CF23048D07004347DB /* Distance.swift */ = {isa = PBXFileReference; lastKnownFileType = sourcecode.swift; path = Distance.swift; sourceTree = "<group>"; };
		3919F4D123048D8E004347DB /* LengthUnit.swift */ = {isa = PBXFileReference; lastKnownFileType = sourcecode.swift; path = LengthUnit.swift; sourceTree = "<group>"; };
		3919F4D323048DAA004347DB /* Unit.swift */ = {isa = PBXFileReference; lastKnownFileType = sourcecode.swift; path = Unit.swift; sourceTree = "<group>"; };
		3919F4D52304EEDA004347DB /* TimeUnit.swift */ = {isa = PBXFileReference; lastKnownFileType = sourcecode.swift; path = TimeUnit.swift; sourceTree = "<group>"; };
		3925E9852281C6C900C5734B /* StatusPopupController.swift */ = {isa = PBXFileReference; lastKnownFileType = sourcecode.swift; path = StatusPopupController.swift; sourceTree = "<group>"; };
		39522D1421ADC15900A4DBCE /* SION.swift */ = {isa = PBXFileReference; fileEncoding = 4; lastKnownFileType = sourcecode.swift; path = SION.swift; sourceTree = "<group>"; };
		39522D1821ADC41F00A4DBCE /* SpellDataCell.swift */ = {isa = PBXFileReference; lastKnownFileType = sourcecode.swift; path = SpellDataCell.swift; sourceTree = "<group>"; };
		39522D1A21ADF99500A4DBCE /* PickerViewController.swift */ = {isa = PBXFileReference; lastKnownFileType = sourcecode.swift; path = PickerViewController.swift; sourceTree = "<group>"; };
		39522D1C21ADFA0A00A4DBCE /* LabelViewController.swift */ = {isa = PBXFileReference; lastKnownFileType = sourcecode.swift; path = LabelViewController.swift; sourceTree = "<group>"; };
		39522D2021ADFBA100A4DBCE /* SpellTableViewController.swift */ = {isa = PBXFileReference; lastKnownFileType = sourcecode.swift; path = SpellTableViewController.swift; sourceTree = "<group>"; };
		39522D2221B04FE500A4DBCE /* BookBackground.jpeg */ = {isa = PBXFileReference; lastKnownFileType = image.jpeg; path = BookBackground.jpeg; sourceTree = "<group>"; };
		39522D2621B1C52100A4DBCE /* SpellWindowController.swift */ = {isa = PBXFileReference; lastKnownFileType = sourcecode.swift; path = SpellWindowController.swift; sourceTree = "<group>"; };
		395F3A8F2268079100D7B382 /* CharacterSelectionController.swift */ = {isa = PBXFileReference; lastKnownFileType = sourcecode.swift; path = CharacterSelectionController.swift; sourceTree = "<group>"; };
		395F3A93226B604500D7B382 /* PopupViewController.swift */ = {isa = PBXFileReference; fileEncoding = 4; lastKnownFileType = sourcecode.swift; name = PopupViewController.swift; path = "../../EzPopup-1.0/EzPopup/Classes/PopupViewController.swift"; sourceTree = "<group>"; };
		397EE96521ACA86400B116B0 /* Spellbook.app */ = {isa = PBXFileReference; explicitFileType = wrapper.application; includeInIndex = 0; path = Spellbook.app; sourceTree = BUILT_PRODUCTS_DIR; };
		397EE96821ACA86400B116B0 /* AppDelegate.swift */ = {isa = PBXFileReference; lastKnownFileType = sourcecode.swift; path = AppDelegate.swift; sourceTree = "<group>"; };
		397EE96A21ACA86400B116B0 /* ViewController.swift */ = {isa = PBXFileReference; lastKnownFileType = sourcecode.swift; path = ViewController.swift; sourceTree = "<group>"; };
		397EE96D21ACA86400B116B0 /* Base */ = {isa = PBXFileReference; lastKnownFileType = file.storyboard; name = Base; path = Base.lproj/Main.storyboard; sourceTree = "<group>"; };
		397EE96F21ACA86800B116B0 /* Assets.xcassets */ = {isa = PBXFileReference; lastKnownFileType = folder.assetcatalog; path = Assets.xcassets; sourceTree = "<group>"; };
		397EE97221ACA86800B116B0 /* Base */ = {isa = PBXFileReference; lastKnownFileType = file.storyboard; name = Base; path = Base.lproj/LaunchScreen.storyboard; sourceTree = "<group>"; };
		397EE97421ACA86800B116B0 /* Info.plist */ = {isa = PBXFileReference; lastKnownFileType = text.plist.xml; path = Info.plist; sourceTree = "<group>"; };
		397EE97921ACA86800B116B0 /* SpellbookTests.xctest */ = {isa = PBXFileReference; explicitFileType = wrapper.cfbundle; includeInIndex = 0; path = SpellbookTests.xctest; sourceTree = BUILT_PRODUCTS_DIR; };
		397EE97D21ACA86800B116B0 /* SpellbookTests.swift */ = {isa = PBXFileReference; lastKnownFileType = sourcecode.swift; path = SpellbookTests.swift; sourceTree = "<group>"; };
		397EE97F21ACA86800B116B0 /* Info.plist */ = {isa = PBXFileReference; lastKnownFileType = text.plist.xml; path = Info.plist; sourceTree = "<group>"; };
		397EE98421ACA86900B116B0 /* SpellbookUITests.xctest */ = {isa = PBXFileReference; explicitFileType = wrapper.cfbundle; includeInIndex = 0; path = SpellbookUITests.xctest; sourceTree = BUILT_PRODUCTS_DIR; };
		397EE98821ACA86900B116B0 /* SpellbookUITests.swift */ = {isa = PBXFileReference; lastKnownFileType = sourcecode.swift; path = SpellbookUITests.swift; sourceTree = "<group>"; };
		397EE98A21ACA86900B116B0 /* Info.plist */ = {isa = PBXFileReference; lastKnownFileType = text.plist.xml; path = Info.plist; sourceTree = "<group>"; };
		397EE99621ACAF9B00B116B0 /* Spell.swift */ = {isa = PBXFileReference; fileEncoding = 4; lastKnownFileType = sourcecode.swift; path = Spell.swift; sourceTree = "<group>"; };
		397EE99721ACAF9B00B116B0 /* School.swift */ = {isa = PBXFileReference; fileEncoding = 4; lastKnownFileType = sourcecode.swift; path = School.swift; sourceTree = "<group>"; };
		397EE99821ACAF9B00B116B0 /* SpellbookError.swift */ = {isa = PBXFileReference; fileEncoding = 4; lastKnownFileType = sourcecode.swift; path = SpellbookError.swift; sourceTree = "<group>"; };
		397EE99921ACAF9B00B116B0 /* SpellParse.swift */ = {isa = PBXFileReference; fileEncoding = 4; lastKnownFileType = sourcecode.swift; path = SpellParse.swift; sourceTree = "<group>"; };
		397EE99A21ACAF9B00B116B0 /* CasterClass.swift */ = {isa = PBXFileReference; fileEncoding = 4; lastKnownFileType = sourcecode.swift; path = CasterClass.swift; sourceTree = "<group>"; };
		397EE99B21ACAF9C00B116B0 /* Spells.json */ = {isa = PBXFileReference; fileEncoding = 4; lastKnownFileType = text.json; path = Spells.json; sourceTree = "<group>"; };
		397EE99C21ACAF9C00B116B0 /* SubClass.swift */ = {isa = PBXFileReference; fileEncoding = 4; lastKnownFileType = sourcecode.swift; path = SubClass.swift; sourceTree = "<group>"; };
		397EE99D21ACAF9C00B116B0 /* Util.swift */ = {isa = PBXFileReference; fileEncoding = 4; lastKnownFileType = sourcecode.swift; path = Util.swift; sourceTree = "<group>"; };
		397EE99E21ACAF9C00B116B0 /* Spellbook.swift */ = {isa = PBXFileReference; fileEncoding = 4; lastKnownFileType = sourcecode.swift; path = Spellbook.swift; sourceTree = "<group>"; };
		397EE99F21ACAF9C00B116B0 /* Sourcebook.swift */ = {isa = PBXFileReference; fileEncoding = 4; lastKnownFileType = sourcecode.swift; path = Sourcebook.swift; sourceTree = "<group>"; };
		397EE9A021ACAF9C00B116B0 /* SpellComparison.swift */ = {isa = PBXFileReference; fileEncoding = 4; lastKnownFileType = sourcecode.swift; path = SpellComparison.swift; sourceTree = "<group>"; };
		39938E8D2305D08E008AB6C9 /* Duration.swift */ = {isa = PBXFileReference; lastKnownFileType = sourcecode.swift; path = Duration.swift; sourceTree = "<group>"; };
		3997EE9A21C06E6D007DC1B6 /* SearchButton.swift */ = {isa = PBXFileReference; lastKnownFileType = sourcecode.swift; path = SearchButton.swift; sourceTree = "<group>"; };
		3997EE9C21C07292007DC1B6 /* SearchIcon.png */ = {isa = PBXFileReference; lastKnownFileType = image.png; path = SearchIcon.png; sourceTree = SOURCE_ROOT; };
		399D9E59223A7F570054BA8F /* book_filled.png */ = {isa = PBXFileReference; lastKnownFileType = image.png; path = book_filled.png; sourceTree = SOURCE_ROOT; };
		399D9E5A223A7F570054BA8F /* book_empty.png */ = {isa = PBXFileReference; lastKnownFileType = image.png; path = book_empty.png; sourceTree = SOURCE_ROOT; };
		399D9E5D223A7F660054BA8F /* wand_filled.png */ = {isa = PBXFileReference; lastKnownFileType = image.png; path = wand_filled.png; sourceTree = SOURCE_ROOT; };
		399D9E5E223A7F660054BA8F /* wand_empty.png */ = {isa = PBXFileReference; lastKnownFileType = image.png; path = wand_empty.png; sourceTree = SOURCE_ROOT; };
		399D9E61223AEF650054BA8F /* dungeon.ttf */ = {isa = PBXFileReference; lastKnownFileType = file; path = dungeon.ttf; sourceTree = SOURCE_ROOT; };
		399D9E62223AEF660054BA8F /* cloister_black.ttf */ = {isa = PBXFileReference; lastKnownFileType = file; path = cloister_black.ttf; sourceTree = SOURCE_ROOT; };
		399D9E65223B61750054BA8F /* star.png */ = {isa = PBXFileReference; lastKnownFileType = image.png; path = star.png; sourceTree = SOURCE_ROOT; };
		399D9E672264B7830054BA8F /* SpellStatus.swift */ = {isa = PBXFileReference; lastKnownFileType = sourcecode.swift; path = SpellStatus.swift; sourceTree = "<group>"; };
		399D9E692264B9F20054BA8F /* Settings.swift */ = {isa = PBXFileReference; lastKnownFileType = sourcecode.swift; path = Settings.swift; sourceTree = "<group>"; };
		399D9E6B2267D4810054BA8F /* CharacterProfile.swift */ = {isa = PBXFileReference; lastKnownFileType = sourcecode.swift; path = CharacterProfile.swift; sourceTree = "<group>"; };
		39A268CD223853680032158F /* SourcebookFilterController.swift */ = {isa = PBXFileReference; lastKnownFileType = sourcecode.swift; path = SourcebookFilterController.swift; sourceTree = "<group>"; };
		39A268CF2239960C0032158F /* SideMenuCell.swift */ = {isa = PBXFileReference; lastKnownFileType = sourcecode.swift; path = SideMenuCell.swift; sourceTree = "<group>"; };
		39B0C11E230F514C00981A7E /* SortField.swift */ = {isa = PBXFileReference; lastKnownFileType = sourcecode.swift; path = SortField.swift; sourceTree = "<group>"; };
		39B0C120231EE41200981A7E /* x_icon.png */ = {isa = PBXFileReference; lastKnownFileType = image.png; path = x_icon.png; sourceTree = SOURCE_ROOT; };
		39C5B22F21CAE11F005F08DA /* Spellbook-Bridging-Header.h */ = {isa = PBXFileReference; lastKnownFileType = sourcecode.c.h; path = "Spellbook-Bridging-Header.h"; sourceTree = "<group>"; };
		39C5B23021CAE120005F08DA /* SWRevealViewController.h */ = {isa = PBXFileReference; fileEncoding = 4; lastKnownFileType = sourcecode.c.h; name = SWRevealViewController.h; path = "../../SWRevealViewController-master/SWRevealViewController/SWRevealViewController.h"; sourceTree = "<group>"; };
		39C5B23121CAE121005F08DA /* SWRevealViewController.m */ = {isa = PBXFileReference; fileEncoding = 4; lastKnownFileType = sourcecode.c.objc; name = SWRevealViewController.m; path = "../../SWRevealViewController-master/SWRevealViewController/SWRevealViewController.m"; sourceTree = "<group>"; };
		39C5B23321CAF3CB005F08DA /* StatusFilterController.swift */ = {isa = PBXFileReference; lastKnownFileType = sourcecode.swift; path = StatusFilterController.swift; sourceTree = "<group>"; };
		39C5B23B21CF03A1005F08DA /* star_filled.png */ = {isa = PBXFileReference; lastKnownFileType = image.png; path = star_filled.png; sourceTree = SOURCE_ROOT; };
		39C5B23C21CF03A5005F08DA /* star_empty.png */ = {isa = PBXFileReference; lastKnownFileType = image.png; path = star_empty.png; sourceTree = SOURCE_ROOT; };
		39C5B23F21CF1D1A005F08DA /* search_icon.png */ = {isa = PBXFileReference; lastKnownFileType = image.png; path = search_icon.png; sourceTree = SOURCE_ROOT; };
		39CFA5EB226E1881006EA33B /* CharacterTableController.swift */ = {isa = PBXFileReference; lastKnownFileType = sourcecode.swift; path = CharacterTableController.swift; sourceTree = "<group>"; };
		39CFA5ED226E817C006EA33B /* CharacterSelectionCell.swift */ = {isa = PBXFileReference; lastKnownFileType = sourcecode.swift; path = CharacterSelectionCell.swift; sourceTree = "<group>"; };
		39CFA5EF226F985C006EA33B /* CharacterCreationController.swift */ = {isa = PBXFileReference; lastKnownFileType = sourcecode.swift; path = CharacterCreationController.swift; sourceTree = "<group>"; };
		39CFA5F12271F02F006EA33B /* trash_icon.png */ = {isa = PBXFileReference; lastKnownFileType = image.png; path = trash_icon.png; sourceTree = SOURCE_ROOT; };
		39CFA5F32272519B006EA33B /* DeletionPromptController.swift */ = {isa = PBXFileReference; lastKnownFileType = sourcecode.swift; path = DeletionPromptController.swift; sourceTree = "<group>"; };
		39EB75902306E6C7001CA1EF /* EnumUtilities.swift */ = {isa = PBXFileReference; lastKnownFileType = sourcecode.swift; path = EnumUtilities.swift; sourceTree = "<group>"; };
		39EB75922306F948001CA1EF /* StringUtils.swift */ = {isa = PBXFileReference; lastKnownFileType = sourcecode.swift; path = StringUtils.swift; sourceTree = "<group>"; };
		39EB7594230763FA001CA1EF /* SortDirectionButton.swift */ = {isa = PBXFileReference; lastKnownFileType = sourcecode.swift; path = SortDirectionButton.swift; sourceTree = "<group>"; };
		39EB759623077446001CA1EF /* up_arrow.png */ = {isa = PBXFileReference; lastKnownFileType = image.png; path = up_arrow.png; sourceTree = SOURCE_ROOT; };
		39EB759723077447001CA1EF /* down_arrow.png */ = {isa = PBXFileReference; lastKnownFileType = image.png; path = down_arrow.png; sourceTree = SOURCE_ROOT; };
		39EB759A23085368001CA1EF /* iOSUtils.swift */ = {isa = PBXFileReference; lastKnownFileType = sourcecode.swift; path = iOSUtils.swift; sourceTree = "<group>"; };
		39EB759C23088EBE001CA1EF /* SizeUtils.swift */ = {isa = PBXFileReference; lastKnownFileType = sourcecode.swift; path = SizeUtils.swift; sourceTree = "<group>"; };
		39EB759E230F3610001CA1EF /* StatusFilterField.swift */ = {isa = PBXFileReference; lastKnownFileType = sourcecode.swift; path = StatusFilterField.swift; sourceTree = "<group>"; };
		39F1046F21AD87F40068A09E /* SION.swift */ = {isa = PBXFileReference; lastKnownFileType = sourcecode.swift; name = SION.swift; path = "../../Desktop/git/swift-sion/Sources/SION/SION.swift"; sourceTree = "<group>"; };
/* End PBXFileReference section */

/* Begin PBXFrameworksBuildPhase section */
		397EE96221ACA86400B116B0 /* Frameworks */ = {
			isa = PBXFrameworksBuildPhase;
			buildActionMask = 2147483647;
			files = (
			);
			runOnlyForDeploymentPostprocessing = 0;
		};
		397EE97621ACA86800B116B0 /* Frameworks */ = {
			isa = PBXFrameworksBuildPhase;
			buildActionMask = 2147483647;
			files = (
			);
			runOnlyForDeploymentPostprocessing = 0;
		};
		397EE98121ACA86900B116B0 /* Frameworks */ = {
			isa = PBXFrameworksBuildPhase;
			buildActionMask = 2147483647;
			files = (
			);
			runOnlyForDeploymentPostprocessing = 0;
		};
/* End PBXFrameworksBuildPhase section */

/* Begin PBXGroup section */
		397EE95C21ACA86300B116B0 = {
			isa = PBXGroup;
			children = (
				39C5B22E21CAE0BF005F08DA /* SWRevealViewController */,
				397EE96721ACA86400B116B0 /* Spellbook */,
				397EE97C21ACA86800B116B0 /* SpellbookTests */,
				397EE98721ACA86900B116B0 /* SpellbookUITests */,
				397EE96621ACA86400B116B0 /* Products */,
				39F1046E21AD87F40068A09E /* Frameworks */,
			);
			sourceTree = "<group>";
		};
		397EE96621ACA86400B116B0 /* Products */ = {
			isa = PBXGroup;
			children = (
				397EE96521ACA86400B116B0 /* Spellbook.app */,
				397EE97921ACA86800B116B0 /* SpellbookTests.xctest */,
				397EE98421ACA86900B116B0 /* SpellbookUITests.xctest */,
			);
			name = Products;
			sourceTree = "<group>";
		};
		397EE96721ACA86400B116B0 /* Spellbook */ = {
			isa = PBXGroup;
			children = (
				397EE96821ACA86400B116B0 /* AppDelegate.swift */,
				399D9E5A223A7F570054BA8F /* book_empty.png */,
				399D9E59223A7F570054BA8F /* book_filled.png */,
				39522D2221B04FE500A4DBCE /* BookBackground.jpeg */,
				397EE99A21ACAF9B00B116B0 /* CasterClass.swift */,
				39CFA5EF226F985C006EA33B /* CharacterCreationController.swift */,
				399D9E6B2267D4810054BA8F /* CharacterProfile.swift */,
				39EB759E230F3610001CA1EF /* StatusFilterField.swift */,
				39CFA5ED226E817C006EA33B /* CharacterSelectionCell.swift */,
				395F3A8F2268079100D7B382 /* CharacterSelectionController.swift */,
				39CFA5EB226E1881006EA33B /* CharacterTableController.swift */,
				399D9E62223AEF660054BA8F /* cloister_black.ttf */,
				39CFA5F32272519B006EA33B /* DeletionPromptController.swift */,
				399D9E61223AEF650054BA8F /* dungeon.ttf */,
				39522D1C21ADFA0A00A4DBCE /* LabelViewController.swift */,
				397EE96C21ACA86400B116B0 /* Main.storyboard */,
				39EB7594230763FA001CA1EF /* SortDirectionButton.swift */,
				39EB759C23088EBE001CA1EF /* SizeUtils.swift */,
				39EB759723077447001CA1EF /* down_arrow.png */,
				39EB759623077446001CA1EF /* up_arrow.png */,
				39522D1A21ADF99500A4DBCE /* PickerViewController.swift */,
				39B0C120231EE41200981A7E /* x_icon.png */,
				39EB759A23085368001CA1EF /* iOSUtils.swift */,
				395F3A93226B604500D7B382 /* PopupViewController.swift */,
				397EE99721ACAF9B00B116B0 /* School.swift */,
				3997EE9A21C06E6D007DC1B6 /* SearchButton.swift */,
				39C5B23F21CF1D1A005F08DA /* search_icon.png */,
				3997EE9C21C07292007DC1B6 /* SearchIcon.png */,
				399D9E692264B9F20054BA8F /* Settings.swift */,
				39A268CF2239960C0032158F /* SideMenuCell.swift */,
				39005F5C22383F710006E97D /* SideMenuController.swift */,
				39522D1421ADC15900A4DBCE /* SION.swift */,
				397EE99F21ACAF9C00B116B0 /* Sourcebook.swift */,
				3919F4CB23048431004347DB /* Quantity.swift */,
				3919F4CF23048D07004347DB /* Distance.swift */,
				39EB75922306F948001CA1EF /* StringUtils.swift */,
				3919F4D123048D8E004347DB /* LengthUnit.swift */,
				3919F4D52304EEDA004347DB /* TimeUnit.swift */,
				3919F4D323048DAA004347DB /* Unit.swift */,
				3919F4CD230485A5004347DB /* SpellBuilder.swift */,
				39A268CD223853680032158F /* SourcebookFilterController.swift */,
				397EE99621ACAF9B00B116B0 /* Spell.swift */,
				397EE99E21ACAF9C00B116B0 /* Spellbook.swift */,
				397EE99821ACAF9B00B116B0 /* SpellbookError.swift */,
				397EE9A021ACAF9C00B116B0 /* SpellComparison.swift */,
				39EB75902306E6C7001CA1EF /* EnumUtilities.swift */,
				39522D1821ADC41F00A4DBCE /* SpellDataCell.swift */,
				397EE99921ACAF9B00B116B0 /* SpellParse.swift */,
				399D9E672264B7830054BA8F /* SpellStatus.swift */,
				39522D2021ADFBA100A4DBCE /* SpellTableViewController.swift */,
				397EE99B21ACAF9C00B116B0 /* Spells.json */,
				39522D2621B1C52100A4DBCE /* SpellWindowController.swift */,
				39938E8D2305D08E008AB6C9 /* Duration.swift */,
				399D9E65223B61750054BA8F /* star.png */,
				39C5B23C21CF03A5005F08DA /* star_empty.png */,
				39C5B23B21CF03A1005F08DA /* star_filled.png */,
				39C5B23321CAF3CB005F08DA /* StatusFilterController.swift */,
				3925E9852281C6C900C5734B /* StatusPopupController.swift */,
				397EE99C21ACAF9C00B116B0 /* SubClass.swift */,
				39B0C11E230F514C00981A7E /* SortField.swift */,
				39CFA5F12271F02F006EA33B /* trash_icon.png */,
				397EE99D21ACAF9C00B116B0 /* Util.swift */,
				397EE96A21ACA86400B116B0 /* ViewController.swift */,
				399D9E5E223A7F660054BA8F /* wand_empty.png */,
				399D9E5D223A7F660054BA8F /* wand_filled.png */,
				397EE96F21ACA86800B116B0 /* Assets.xcassets */,
				397EE97121ACA86800B116B0 /* LaunchScreen.storyboard */,
				397EE97421ACA86800B116B0 /* Info.plist */,
			);
			path = Spellbook;
			sourceTree = "<group>";
		};
		397EE97C21ACA86800B116B0 /* SpellbookTests */ = {
			isa = PBXGroup;
			children = (
				397EE97D21ACA86800B116B0 /* SpellbookTests.swift */,
				397EE97F21ACA86800B116B0 /* Info.plist */,
			);
			path = SpellbookTests;
			sourceTree = "<group>";
		};
		397EE98721ACA86900B116B0 /* SpellbookUITests */ = {
			isa = PBXGroup;
			children = (
				397EE98821ACA86900B116B0 /* SpellbookUITests.swift */,
				397EE98A21ACA86900B116B0 /* Info.plist */,
			);
			path = SpellbookUITests;
			sourceTree = "<group>";
		};
		39C5B22E21CAE0BF005F08DA /* SWRevealViewController */ = {
			isa = PBXGroup;
			children = (
				39C5B23021CAE120005F08DA /* SWRevealViewController.h */,
				39C5B23121CAE121005F08DA /* SWRevealViewController.m */,
				39C5B22F21CAE11F005F08DA /* Spellbook-Bridging-Header.h */,
			);
			path = SWRevealViewController;
			sourceTree = "<group>";
		};
		39F1046E21AD87F40068A09E /* Frameworks */ = {
			isa = PBXGroup;
			children = (
				39F1046F21AD87F40068A09E /* SION.swift */,
			);
			name = Frameworks;
			sourceTree = "<group>";
		};
/* End PBXGroup section */

/* Begin PBXNativeTarget section */
		397EE96421ACA86400B116B0 /* Spellbook */ = {
			isa = PBXNativeTarget;
			buildConfigurationList = 397EE98D21ACA86900B116B0 /* Build configuration list for PBXNativeTarget "Spellbook" */;
			buildPhases = (
				397EE96121ACA86400B116B0 /* Sources */,
				397EE96221ACA86400B116B0 /* Frameworks */,
				397EE96321ACA86400B116B0 /* Resources */,
			);
			buildRules = (
			);
			dependencies = (
			);
			name = Spellbook;
			productName = Spellbook;
			productReference = 397EE96521ACA86400B116B0 /* Spellbook.app */;
			productType = "com.apple.product-type.application";
		};
		397EE97821ACA86800B116B0 /* SpellbookTests */ = {
			isa = PBXNativeTarget;
			buildConfigurationList = 397EE99021ACA86900B116B0 /* Build configuration list for PBXNativeTarget "SpellbookTests" */;
			buildPhases = (
				397EE97521ACA86800B116B0 /* Sources */,
				397EE97621ACA86800B116B0 /* Frameworks */,
				397EE97721ACA86800B116B0 /* Resources */,
			);
			buildRules = (
			);
			dependencies = (
				397EE97B21ACA86800B116B0 /* PBXTargetDependency */,
			);
			name = SpellbookTests;
			productName = SpellbookTests;
			productReference = 397EE97921ACA86800B116B0 /* SpellbookTests.xctest */;
			productType = "com.apple.product-type.bundle.unit-test";
		};
		397EE98321ACA86900B116B0 /* SpellbookUITests */ = {
			isa = PBXNativeTarget;
			buildConfigurationList = 397EE99321ACA86900B116B0 /* Build configuration list for PBXNativeTarget "SpellbookUITests" */;
			buildPhases = (
				397EE98021ACA86900B116B0 /* Sources */,
				397EE98121ACA86900B116B0 /* Frameworks */,
				397EE98221ACA86900B116B0 /* Resources */,
			);
			buildRules = (
			);
			dependencies = (
				397EE98621ACA86900B116B0 /* PBXTargetDependency */,
			);
			name = SpellbookUITests;
			productName = SpellbookUITests;
			productReference = 397EE98421ACA86900B116B0 /* SpellbookUITests.xctest */;
			productType = "com.apple.product-type.bundle.ui-testing";
		};
/* End PBXNativeTarget section */

/* Begin PBXProject section */
		397EE95D21ACA86300B116B0 /* Project object */ = {
			isa = PBXProject;
			attributes = {
				LastSwiftUpdateCheck = 1010;
				LastUpgradeCheck = 1010;
				ORGANIZATIONNAME = "Jonathan Carifio";
				TargetAttributes = {
					397EE96421ACA86400B116B0 = {
						CreatedOnToolsVersion = 10.1;
						LastSwiftMigration = 1010;
					};
					397EE97821ACA86800B116B0 = {
						CreatedOnToolsVersion = 10.1;
						TestTargetID = 397EE96421ACA86400B116B0;
					};
					397EE98321ACA86900B116B0 = {
						CreatedOnToolsVersion = 10.1;
						TestTargetID = 397EE96421ACA86400B116B0;
					};
				};
			};
			buildConfigurationList = 397EE96021ACA86300B116B0 /* Build configuration list for PBXProject "Spellbook" */;
			compatibilityVersion = "Xcode 9.3";
			developmentRegion = en;
			hasScannedForEncodings = 0;
			knownRegions = (
				en,
				Base,
			);
			mainGroup = 397EE95C21ACA86300B116B0;
			productRefGroup = 397EE96621ACA86400B116B0 /* Products */;
			projectDirPath = "";
			projectRoot = "";
			targets = (
				397EE96421ACA86400B116B0 /* Spellbook */,
				397EE97821ACA86800B116B0 /* SpellbookTests */,
				397EE98321ACA86900B116B0 /* SpellbookUITests */,
			);
		};
/* End PBXProject section */

/* Begin PBXResourcesBuildPhase section */
		397EE96321ACA86400B116B0 /* Resources */ = {
			isa = PBXResourcesBuildPhase;
			buildActionMask = 2147483647;
			files = (
				39EB759823077447001CA1EF /* up_arrow.png in Resources */,
				39B0C121231EE41700981A7E /* x_icon.png in Resources */,
				399D9E5B223A7F580054BA8F /* book_filled.png in Resources */,
				399D9E64223AEF660054BA8F /* cloister_black.ttf in Resources */,
				399D9E5C223A7F580054BA8F /* book_empty.png in Resources */,
				39C5B24021CF1D1A005F08DA /* search_icon.png in Resources */,
				399D9E5F223A7F670054BA8F /* wand_filled.png in Resources */,
				399D9E66223B61750054BA8F /* star.png in Resources */,
				39CFA5F22271F030006EA33B /* trash_icon.png in Resources */,
				3997EE9D21C07293007DC1B6 /* SearchIcon.png in Resources */,
				39EB759923077447001CA1EF /* down_arrow.png in Resources */,
				399D9E63223AEF660054BA8F /* dungeon.ttf in Resources */,
				399D9E60223A7F670054BA8F /* wand_empty.png in Resources */,
				39C5B23E21CF03A8005F08DA /* star_empty.png in Resources */,
				39C5B23D21CF03A8005F08DA /* star_filled.png in Resources */,
				39522D2321B04FE500A4DBCE /* BookBackground.jpeg in Resources */,
				397EE97321ACA86800B116B0 /* LaunchScreen.storyboard in Resources */,
				397EE97021ACA86800B116B0 /* Assets.xcassets in Resources */,
				397EE9A621ACAF9C00B116B0 /* Spells.json in Resources */,
				397EE96E21ACA86400B116B0 /* Main.storyboard in Resources */,
			);
			runOnlyForDeploymentPostprocessing = 0;
		};
		397EE97721ACA86800B116B0 /* Resources */ = {
			isa = PBXResourcesBuildPhase;
			buildActionMask = 2147483647;
			files = (
			);
			runOnlyForDeploymentPostprocessing = 0;
		};
		397EE98221ACA86900B116B0 /* Resources */ = {
			isa = PBXResourcesBuildPhase;
			buildActionMask = 2147483647;
			files = (
			);
			runOnlyForDeploymentPostprocessing = 0;
		};
/* End PBXResourcesBuildPhase section */

/* Begin PBXSourcesBuildPhase section */
		397EE96121ACA86400B116B0 /* Sources */ = {
			isa = PBXSourcesBuildPhase;
			buildActionMask = 2147483647;
			files = (
				3919F4D423048DAA004347DB /* Unit.swift in Sources */,
				399D9E6C2267D4810054BA8F /* CharacterProfile.swift in Sources */,
				39CFA5F42272519B006EA33B /* DeletionPromptController.swift in Sources */,
				39522D2721B1C52100A4DBCE /* SpellWindowController.swift in Sources */,
				39938E8E2305D08E008AB6C9 /* Duration.swift in Sources */,
				3919F4D223048D8E004347DB /* LengthUnit.swift in Sources */,
				39B0C11F230F514C00981A7E /* SortField.swift in Sources */,
				3919F4CC23048431004347DB /* Quantity.swift in Sources */,
				39CFA5EC226E1882006EA33B /* CharacterTableController.swift in Sources */,
				3925E9862281C6C900C5734B /* StatusPopupController.swift in Sources */,
				3919F4D62304EEDA004347DB /* TimeUnit.swift in Sources */,
				39005F5D22383F710006E97D /* SideMenuController.swift in Sources */,
				39EB759F230F3610001CA1EF /* StatusFilterField.swift in Sources */,
				399D9E6A2264B9F20054BA8F /* Settings.swift in Sources */,
				3997EE9B21C06E6D007DC1B6 /* SearchButton.swift in Sources */,
				39CFA5F0226F985C006EA33B /* CharacterCreationController.swift in Sources */,
				39EB759D23088EBE001CA1EF /* SizeUtils.swift in Sources */,
				39522D1B21ADF99500A4DBCE /* PickerViewController.swift in Sources */,
				397EE96B21ACA86400B116B0 /* ViewController.swift in Sources */,
				39C5B23421CAF3CB005F08DA /* StatusFilterController.swift in Sources */,
				397EE9A821ACAF9C00B116B0 /* Util.swift in Sources */,
				39522D1D21ADFA0A00A4DBCE /* LabelViewController.swift in Sources */,
				39EB759B23085368001CA1EF /* iOSUtils.swift in Sources */,
				397EE9A721ACAF9C00B116B0 /* SubClass.swift in Sources */,
				3919F4CE230485A5004347DB /* SpellBuilder.swift in Sources */,
				39C5B23221CAE121005F08DA /* SWRevealViewController.m in Sources */,
				39A268CE223853680032158F /* SourcebookFilterController.swift in Sources */,
				397EE96921ACA86400B116B0 /* AppDelegate.swift in Sources */,
				39522D1521ADC15900A4DBCE /* SION.swift in Sources */,
				397EE9AA21ACAF9C00B116B0 /* Sourcebook.swift in Sources */,
				39522D1921ADC41F00A4DBCE /* SpellDataCell.swift in Sources */,
				397EE9A421ACAF9C00B116B0 /* SpellParse.swift in Sources */,
				397EE9A321ACAF9C00B116B0 /* SpellbookError.swift in Sources */,
				39EB75912306E6C7001CA1EF /* EnumUtilities.swift in Sources */,
				397EE9AB21ACAF9C00B116B0 /* SpellComparison.swift in Sources */,
				395F3A902268079100D7B382 /* CharacterSelectionController.swift in Sources */,
				39522D2121ADFBA100A4DBCE /* SpellTableViewController.swift in Sources */,
				39EB7595230763FA001CA1EF /* SortDirectionButton.swift in Sources */,
				399D9E682264B7830054BA8F /* SpellStatus.swift in Sources */,
				397EE9A121ACAF9C00B116B0 /* Spell.swift in Sources */,
				39EB75932306F948001CA1EF /* StringUtils.swift in Sources */,
				397EE9A521ACAF9C00B116B0 /* CasterClass.swift in Sources */,
				397EE9A221ACAF9C00B116B0 /* School.swift in Sources */,
				3919F4D023048D07004347DB /* Distance.swift in Sources */,
				395F3A94226B604600D7B382 /* PopupViewController.swift in Sources */,
				39CFA5EE226E817C006EA33B /* CharacterSelectionCell.swift in Sources */,
				397EE9A921ACAF9C00B116B0 /* Spellbook.swift in Sources */,
				39A268D02239960C0032158F /* SideMenuCell.swift in Sources */,
			);
			runOnlyForDeploymentPostprocessing = 0;
		};
		397EE97521ACA86800B116B0 /* Sources */ = {
			isa = PBXSourcesBuildPhase;
			buildActionMask = 2147483647;
			files = (
				397EE97E21ACA86800B116B0 /* SpellbookTests.swift in Sources */,
			);
			runOnlyForDeploymentPostprocessing = 0;
		};
		397EE98021ACA86900B116B0 /* Sources */ = {
			isa = PBXSourcesBuildPhase;
			buildActionMask = 2147483647;
			files = (
				397EE98921ACA86900B116B0 /* SpellbookUITests.swift in Sources */,
			);
			runOnlyForDeploymentPostprocessing = 0;
		};
/* End PBXSourcesBuildPhase section */

/* Begin PBXTargetDependency section */
		397EE97B21ACA86800B116B0 /* PBXTargetDependency */ = {
			isa = PBXTargetDependency;
			target = 397EE96421ACA86400B116B0 /* Spellbook */;
			targetProxy = 397EE97A21ACA86800B116B0 /* PBXContainerItemProxy */;
		};
		397EE98621ACA86900B116B0 /* PBXTargetDependency */ = {
			isa = PBXTargetDependency;
			target = 397EE96421ACA86400B116B0 /* Spellbook */;
			targetProxy = 397EE98521ACA86900B116B0 /* PBXContainerItemProxy */;
		};
/* End PBXTargetDependency section */

/* Begin PBXVariantGroup section */
		397EE96C21ACA86400B116B0 /* Main.storyboard */ = {
			isa = PBXVariantGroup;
			children = (
				397EE96D21ACA86400B116B0 /* Base */,
			);
			name = Main.storyboard;
			sourceTree = "<group>";
		};
		397EE97121ACA86800B116B0 /* LaunchScreen.storyboard */ = {
			isa = PBXVariantGroup;
			children = (
				397EE97221ACA86800B116B0 /* Base */,
			);
			name = LaunchScreen.storyboard;
			sourceTree = "<group>";
		};
/* End PBXVariantGroup section */

/* Begin XCBuildConfiguration section */
		397EE98B21ACA86900B116B0 /* Debug */ = {
			isa = XCBuildConfiguration;
			buildSettings = {
				ALWAYS_SEARCH_USER_PATHS = NO;
				CLANG_ANALYZER_NONNULL = YES;
				CLANG_ANALYZER_NUMBER_OBJECT_CONVERSION = YES_AGGRESSIVE;
				CLANG_CXX_LANGUAGE_STANDARD = "gnu++14";
				CLANG_CXX_LIBRARY = "libc++";
				CLANG_ENABLE_MODULES = YES;
				CLANG_ENABLE_OBJC_ARC = YES;
				CLANG_ENABLE_OBJC_WEAK = YES;
				CLANG_WARN_BLOCK_CAPTURE_AUTORELEASING = YES;
				CLANG_WARN_BOOL_CONVERSION = YES;
				CLANG_WARN_COMMA = YES;
				CLANG_WARN_CONSTANT_CONVERSION = YES;
				CLANG_WARN_DEPRECATED_OBJC_IMPLEMENTATIONS = YES;
				CLANG_WARN_DIRECT_OBJC_ISA_USAGE = YES_ERROR;
				CLANG_WARN_DOCUMENTATION_COMMENTS = YES;
				CLANG_WARN_EMPTY_BODY = YES;
				CLANG_WARN_ENUM_CONVERSION = YES;
				CLANG_WARN_INFINITE_RECURSION = YES;
				CLANG_WARN_INT_CONVERSION = YES;
				CLANG_WARN_NON_LITERAL_NULL_CONVERSION = YES;
				CLANG_WARN_OBJC_IMPLICIT_RETAIN_SELF = YES;
				CLANG_WARN_OBJC_LITERAL_CONVERSION = YES;
				CLANG_WARN_OBJC_ROOT_CLASS = YES_ERROR;
				CLANG_WARN_RANGE_LOOP_ANALYSIS = YES;
				CLANG_WARN_STRICT_PROTOTYPES = YES;
				CLANG_WARN_SUSPICIOUS_MOVE = YES;
				CLANG_WARN_UNGUARDED_AVAILABILITY = YES_AGGRESSIVE;
				CLANG_WARN_UNREACHABLE_CODE = YES;
				CLANG_WARN__DUPLICATE_METHOD_MATCH = YES;
				CODE_SIGN_IDENTITY = "iPhone Developer";
				COPY_PHASE_STRIP = NO;
				DEBUG_INFORMATION_FORMAT = dwarf;
				ENABLE_STRICT_OBJC_MSGSEND = YES;
				ENABLE_TESTABILITY = YES;
				GCC_C_LANGUAGE_STANDARD = gnu11;
				GCC_DYNAMIC_NO_PIC = NO;
				GCC_NO_COMMON_BLOCKS = YES;
				GCC_OPTIMIZATION_LEVEL = 0;
				GCC_PREPROCESSOR_DEFINITIONS = (
					"DEBUG=1",
					"$(inherited)",
				);
				GCC_WARN_64_TO_32_BIT_CONVERSION = YES;
				GCC_WARN_ABOUT_RETURN_TYPE = YES_ERROR;
				GCC_WARN_UNDECLARED_SELECTOR = YES;
				GCC_WARN_UNINITIALIZED_AUTOS = YES_AGGRESSIVE;
				GCC_WARN_UNUSED_FUNCTION = YES;
				GCC_WARN_UNUSED_VARIABLE = YES;
				IPHONEOS_DEPLOYMENT_TARGET = 12.1;
				MTL_ENABLE_DEBUG_INFO = INCLUDE_SOURCE;
				MTL_FAST_MATH = YES;
				ONLY_ACTIVE_ARCH = YES;
				SDKROOT = iphoneos;
				SWIFT_ACTIVE_COMPILATION_CONDITIONS = DEBUG;
				SWIFT_OPTIMIZATION_LEVEL = "-Onone";
			};
			name = Debug;
		};
		397EE98C21ACA86900B116B0 /* Release */ = {
			isa = XCBuildConfiguration;
			buildSettings = {
				ALWAYS_SEARCH_USER_PATHS = NO;
				CLANG_ANALYZER_NONNULL = YES;
				CLANG_ANALYZER_NUMBER_OBJECT_CONVERSION = YES_AGGRESSIVE;
				CLANG_CXX_LANGUAGE_STANDARD = "gnu++14";
				CLANG_CXX_LIBRARY = "libc++";
				CLANG_ENABLE_MODULES = YES;
				CLANG_ENABLE_OBJC_ARC = YES;
				CLANG_ENABLE_OBJC_WEAK = YES;
				CLANG_WARN_BLOCK_CAPTURE_AUTORELEASING = YES;
				CLANG_WARN_BOOL_CONVERSION = YES;
				CLANG_WARN_COMMA = YES;
				CLANG_WARN_CONSTANT_CONVERSION = YES;
				CLANG_WARN_DEPRECATED_OBJC_IMPLEMENTATIONS = YES;
				CLANG_WARN_DIRECT_OBJC_ISA_USAGE = YES_ERROR;
				CLANG_WARN_DOCUMENTATION_COMMENTS = YES;
				CLANG_WARN_EMPTY_BODY = YES;
				CLANG_WARN_ENUM_CONVERSION = YES;
				CLANG_WARN_INFINITE_RECURSION = YES;
				CLANG_WARN_INT_CONVERSION = YES;
				CLANG_WARN_NON_LITERAL_NULL_CONVERSION = YES;
				CLANG_WARN_OBJC_IMPLICIT_RETAIN_SELF = YES;
				CLANG_WARN_OBJC_LITERAL_CONVERSION = YES;
				CLANG_WARN_OBJC_ROOT_CLASS = YES_ERROR;
				CLANG_WARN_RANGE_LOOP_ANALYSIS = YES;
				CLANG_WARN_STRICT_PROTOTYPES = YES;
				CLANG_WARN_SUSPICIOUS_MOVE = YES;
				CLANG_WARN_UNGUARDED_AVAILABILITY = YES_AGGRESSIVE;
				CLANG_WARN_UNREACHABLE_CODE = YES;
				CLANG_WARN__DUPLICATE_METHOD_MATCH = YES;
				CODE_SIGN_IDENTITY = "iPhone Developer";
				COPY_PHASE_STRIP = NO;
				DEBUG_INFORMATION_FORMAT = "dwarf-with-dsym";
				ENABLE_NS_ASSERTIONS = NO;
				ENABLE_STRICT_OBJC_MSGSEND = YES;
				GCC_C_LANGUAGE_STANDARD = gnu11;
				GCC_NO_COMMON_BLOCKS = YES;
				GCC_WARN_64_TO_32_BIT_CONVERSION = YES;
				GCC_WARN_ABOUT_RETURN_TYPE = YES_ERROR;
				GCC_WARN_UNDECLARED_SELECTOR = YES;
				GCC_WARN_UNINITIALIZED_AUTOS = YES_AGGRESSIVE;
				GCC_WARN_UNUSED_FUNCTION = YES;
				GCC_WARN_UNUSED_VARIABLE = YES;
				IPHONEOS_DEPLOYMENT_TARGET = 12.1;
				MTL_ENABLE_DEBUG_INFO = NO;
				MTL_FAST_MATH = YES;
				SDKROOT = iphoneos;
				SWIFT_COMPILATION_MODE = wholemodule;
				SWIFT_OPTIMIZATION_LEVEL = "-O";
				VALIDATE_PRODUCT = YES;
			};
			name = Release;
		};
		397EE98E21ACA86900B116B0 /* Debug */ = {
			isa = XCBuildConfiguration;
			buildSettings = {
				ASSETCATALOG_COMPILER_APPICON_NAME = AppIcon;
				CLANG_ENABLE_MODULES = YES;
				CODE_SIGN_IDENTITY = "iPhone Developer";
				CODE_SIGN_STYLE = Automatic;
				"CODE_SIGN_STYLE[sdk=iphoneos*]" = Automatic;
				DEVELOPMENT_TEAM = RSR87G74R7;
				INFOPLIST_FILE = Spellbook/Info.plist;
				IPHONEOS_DEPLOYMENT_TARGET = 10.0;
				LD_RUNPATH_SEARCH_PATHS = (
					"$(inherited)",
					"@executable_path/Frameworks",
				);
				PRODUCT_BUNDLE_IDENTIFIER = dnd.jon.Spellbook;
				PRODUCT_NAME = "$(TARGET_NAME)";
				PROVISIONING_PROFILE_SPECIFIER = "";
				SWIFT_OBJC_BRIDGING_HEADER = "SWRevealViewController/Spellbook-Bridging-Header.h";
				SWIFT_OPTIMIZATION_LEVEL = "-Onone";
				SWIFT_VERSION = 4.2;
				TARGETED_DEVICE_FAMILY = 1;
			};
			name = Debug;
		};
		397EE98F21ACA86900B116B0 /* Release */ = {
			isa = XCBuildConfiguration;
			buildSettings = {
				ASSETCATALOG_COMPILER_APPICON_NAME = AppIcon;
				CLANG_ENABLE_MODULES = YES;
				CODE_SIGN_IDENTITY = "iPhone Developer";
				CODE_SIGN_STYLE = Automatic;
				"CODE_SIGN_STYLE[sdk=iphoneos*]" = Automatic;
				DEVELOPMENT_TEAM = RSR87G74R7;
				INFOPLIST_FILE = Spellbook/Info.plist;
				IPHONEOS_DEPLOYMENT_TARGET = 10.0;
				LD_RUNPATH_SEARCH_PATHS = (
					"$(inherited)",
					"@executable_path/Frameworks",
				);
				PRODUCT_BUNDLE_IDENTIFIER = dnd.jon.Spellbook;
				PRODUCT_NAME = "$(TARGET_NAME)";
				PROVISIONING_PROFILE_SPECIFIER = "";
				SWIFT_OBJC_BRIDGING_HEADER = "SWRevealViewController/Spellbook-Bridging-Header.h";
				SWIFT_VERSION = 4.2;
				TARGETED_DEVICE_FAMILY = 1;
			};
			name = Release;
		};
		397EE99121ACA86900B116B0 /* Debug */ = {
			isa = XCBuildConfiguration;
			buildSettings = {
				ALWAYS_EMBED_SWIFT_STANDARD_LIBRARIES = YES;
				BUNDLE_LOADER = "$(TEST_HOST)";
				CODE_SIGN_STYLE = Automatic;
				INFOPLIST_FILE = SpellbookTests/Info.plist;
				LD_RUNPATH_SEARCH_PATHS = (
					"$(inherited)",
					"@executable_path/Frameworks",
					"@loader_path/Frameworks",
				);
				PRODUCT_BUNDLE_IDENTIFIER = dnd.jon.SpellbookTests;
				PRODUCT_NAME = "$(TARGET_NAME)";
				SWIFT_VERSION = 4.2;
				TARGETED_DEVICE_FAMILY = "1,2";
				TEST_HOST = "$(BUILT_PRODUCTS_DIR)/Spellbook.app/Spellbook";
			};
			name = Debug;
		};
		397EE99221ACA86900B116B0 /* Release */ = {
			isa = XCBuildConfiguration;
			buildSettings = {
				ALWAYS_EMBED_SWIFT_STANDARD_LIBRARIES = YES;
				BUNDLE_LOADER = "$(TEST_HOST)";
				CODE_SIGN_STYLE = Automatic;
				INFOPLIST_FILE = SpellbookTests/Info.plist;
				LD_RUNPATH_SEARCH_PATHS = (
					"$(inherited)",
					"@executable_path/Frameworks",
					"@loader_path/Frameworks",
				);
				PRODUCT_BUNDLE_IDENTIFIER = dnd.jon.SpellbookTests;
				PRODUCT_NAME = "$(TARGET_NAME)";
				SWIFT_VERSION = 4.2;
				TARGETED_DEVICE_FAMILY = "1,2";
				TEST_HOST = "$(BUILT_PRODUCTS_DIR)/Spellbook.app/Spellbook";
			};
			name = Release;
		};
		397EE99421ACA86900B116B0 /* Debug */ = {
			isa = XCBuildConfiguration;
			buildSettings = {
				ALWAYS_EMBED_SWIFT_STANDARD_LIBRARIES = YES;
				CODE_SIGN_STYLE = Automatic;
				INFOPLIST_FILE = SpellbookUITests/Info.plist;
				LD_RUNPATH_SEARCH_PATHS = (
					"$(inherited)",
					"@executable_path/Frameworks",
					"@loader_path/Frameworks",
				);
				PRODUCT_BUNDLE_IDENTIFIER = dnd.jon.SpellbookUITests;
				PRODUCT_NAME = "$(TARGET_NAME)";
				SWIFT_VERSION = 4.2;
				TARGETED_DEVICE_FAMILY = "1,2";
				TEST_TARGET_NAME = Spellbook;
			};
			name = Debug;
		};
		397EE99521ACA86900B116B0 /* Release */ = {
			isa = XCBuildConfiguration;
			buildSettings = {
				ALWAYS_EMBED_SWIFT_STANDARD_LIBRARIES = YES;
				CODE_SIGN_STYLE = Automatic;
				INFOPLIST_FILE = SpellbookUITests/Info.plist;
				LD_RUNPATH_SEARCH_PATHS = (
					"$(inherited)",
					"@executable_path/Frameworks",
					"@loader_path/Frameworks",
				);
				PRODUCT_BUNDLE_IDENTIFIER = dnd.jon.SpellbookUITests;
				PRODUCT_NAME = "$(TARGET_NAME)";
				SWIFT_VERSION = 4.2;
				TARGETED_DEVICE_FAMILY = "1,2";
				TEST_TARGET_NAME = Spellbook;
			};
			name = Release;
		};
/* End XCBuildConfiguration section */

/* Begin XCConfigurationList section */
		397EE96021ACA86300B116B0 /* Build configuration list for PBXProject "Spellbook" */ = {
			isa = XCConfigurationList;
			buildConfigurations = (
				397EE98B21ACA86900B116B0 /* Debug */,
				397EE98C21ACA86900B116B0 /* Release */,
			);
			defaultConfigurationIsVisible = 0;
			defaultConfigurationName = Release;
		};
		397EE98D21ACA86900B116B0 /* Build configuration list for PBXNativeTarget "Spellbook" */ = {
			isa = XCConfigurationList;
			buildConfigurations = (
				397EE98E21ACA86900B116B0 /* Debug */,
				397EE98F21ACA86900B116B0 /* Release */,
			);
			defaultConfigurationIsVisible = 0;
			defaultConfigurationName = Release;
		};
		397EE99021ACA86900B116B0 /* Build configuration list for PBXNativeTarget "SpellbookTests" */ = {
			isa = XCConfigurationList;
			buildConfigurations = (
				397EE99121ACA86900B116B0 /* Debug */,
				397EE99221ACA86900B116B0 /* Release */,
			);
			defaultConfigurationIsVisible = 0;
			defaultConfigurationName = Release;
		};
		397EE99321ACA86900B116B0 /* Build configuration list for PBXNativeTarget "SpellbookUITests" */ = {
			isa = XCConfigurationList;
			buildConfigurations = (
				397EE99421ACA86900B116B0 /* Debug */,
				397EE99521ACA86900B116B0 /* Release */,
			);
			defaultConfigurationIsVisible = 0;
			defaultConfigurationName = Release;
		};
/* End XCConfigurationList section */
	};
	rootObject = 397EE95D21ACA86300B116B0 /* Project object */;
}
