// !$*UTF8*$!
{
	archiveVersion = 1;
	classes = {
	};
	objectVersion = 54;
	objects = {

/* Begin PBXBuildFile section */
		397EE96E21ACA86400B116B0 /* Main.storyboard in Resources */ = {isa = PBXBuildFile; fileRef = 397EE96C21ACA86400B116B0 /* Main.storyboard */; };
		397EE97321ACA86800B116B0 /* LaunchScreen.storyboard in Resources */ = {isa = PBXBuildFile; fileRef = 397EE97121ACA86800B116B0 /* LaunchScreen.storyboard */; };
		397EE97E21ACA86800B116B0 /* SpellbookTests.swift in Sources */ = {isa = PBXBuildFile; fileRef = 397EE97D21ACA86800B116B0 /* SpellbookTests.swift */; };
		397EE98921ACA86900B116B0 /* SpellbookUITests.swift in Sources */ = {isa = PBXBuildFile; fileRef = 397EE98821ACA86900B116B0 /* SpellbookUITests.swift */; };
		39F306A62378A4310078FA83 /* SWRevealViewController.m in Sources */ = {isa = PBXBuildFile; fileRef = 39F306A52378A4310078FA83 /* SWRevealViewController.m */; };
		8E02F76224345F6200A3050C /* YesNo.swift in Sources */ = {isa = PBXBuildFile; fileRef = 8E02F76124345F6200A3050C /* YesNo.swift */; };
		8E02F7642436378400A3050C /* FilterGridDelegate.swift in Sources */ = {isa = PBXBuildFile; fileRef = 8E02F7632436378400A3050C /* FilterGridDelegate.swift */; };
		8E02F76624363BAD00A3050C /* FilterView.xib in Resources */ = {isa = PBXBuildFile; fileRef = 8E02F76524363BAD00A3050C /* FilterView.xib */; };
		8E02F76A2436B5E200A3050C /* FilterCell.swift in Sources */ = {isa = PBXBuildFile; fileRef = 8E02F7692436B5E200A3050C /* FilterCell.swift */; };
		8E02F7702437EC8800A3050C /* YesNoFilterDelegate.swift in Sources */ = {isa = PBXBuildFile; fileRef = 8E02F76F2437EC8800A3050C /* YesNoFilterDelegate.swift */; };
		8E02F7722437F39200A3050C /* CombinationProtocols.swift in Sources */ = {isa = PBXBuildFile; fileRef = 8E02F7712437F39200A3050C /* CombinationProtocols.swift */; };
		8E02F7742438EF1400A3050C /* RangeView.xib in Resources */ = {isa = PBXBuildFile; fileRef = 8E02F7732438EF1400A3050C /* RangeView.xib */; };
		8E02F7762438F04000A3050C /* RangeView.swift in Sources */ = {isa = PBXBuildFile; fileRef = 8E02F7752438F04000A3050C /* RangeView.swift */; };
		8E07AE0B2A0C957400C0487B /* clipboard_icon.png in Resources */ = {isa = PBXBuildFile; fileRef = 8E07AE0A2A0C957400C0487B /* clipboard_icon.png */; };
		8E07AE0D2A0F708700C0487B /* ImportCharacterController.swift in Sources */ = {isa = PBXBuildFile; fileRef = 8E07AE0C2A0F708700C0487B /* ImportCharacterController.swift */; };
		8E07AE0F2A10AFA700C0487B /* Operators.swift in Sources */ = {isa = PBXBuildFile; fileRef = 8E07AE0E2A10AFA700C0487B /* Operators.swift */; };
		8E13F1E3244E1B15004CCC18 /* trash_icon.png in Resources */ = {isa = PBXBuildFile; fileRef = 8E13F1E2244E1B14004CCC18 /* trash_icon.png */; };
		8E177F9B2432F34B005146B6 /* SortFilterTableController.swift in Sources */ = {isa = PBXBuildFile; fileRef = 8E177F9A2432F34B005146B6 /* SortFilterTableController.swift */; };
		8E19DA50257C094A002B4F43 /* FilterOptionView.swift in Sources */ = {isa = PBXBuildFile; fileRef = 8E19DA4F257C094A002B4F43 /* FilterOptionView.swift */; };
		8E19DA55257C095A002B4F43 /* FilterOptionView.xib in Resources */ = {isa = PBXBuildFile; fileRef = 8E19DA54257C095A002B4F43 /* FilterOptionView.xib */; };
		8E19DA5A257D6D46002B4F43 /* MessageDialogController.swift in Sources */ = {isa = PBXBuildFile; fileRef = 8E19DA59257D6D46002B4F43 /* MessageDialogController.swift */; };
		8E452C0C2A3A652E00C78D9C /* CharacterProfileTests.swift in Sources */ = {isa = PBXBuildFile; fileRef = 8E452C0B2A3A652E00C78D9C /* CharacterProfileTests.swift */; };
		8E6148E2241991C200842A18 /* Spells.json in Resources */ = {isa = PBXBuildFile; fileRef = 8E61489B241991BE00842A18 /* Spells.json */; };
		8E6148E3241991C200842A18 /* TimeUnit.swift in Sources */ = {isa = PBXBuildFile; fileRef = 8E61489C241991BE00842A18 /* TimeUnit.swift */; };
		8E6148E4241991C200842A18 /* SourcebookFilterController.swift in Sources */ = {isa = PBXBuildFile; fileRef = 8E61489D241991BE00842A18 /* SourcebookFilterController.swift */; };
		8E6148E5241991C200842A18 /* Duration.swift in Sources */ = {isa = PBXBuildFile; fileRef = 8E61489E241991BE00842A18 /* Duration.swift */; };
		8E6148E6241991C200842A18 /* CharacterTableController.swift in Sources */ = {isa = PBXBuildFile; fileRef = 8E61489F241991BE00842A18 /* CharacterTableController.swift */; };
		8E6148E7241991C200842A18 /* InfoMenuCell.swift in Sources */ = {isa = PBXBuildFile; fileRef = 8E6148A0241991BE00842A18 /* InfoMenuCell.swift */; };
		8E6148E8241991C200842A18 /* SearchButton.swift in Sources */ = {isa = PBXBuildFile; fileRef = 8E6148A1241991BE00842A18 /* SearchButton.swift */; };
		8E6148E9241991C200842A18 /* LabelViewController.swift in Sources */ = {isa = PBXBuildFile; fileRef = 8E6148A2241991BF00842A18 /* LabelViewController.swift */; };
		8E6148EA241991C200842A18 /* StatusFilterField.swift in Sources */ = {isa = PBXBuildFile; fileRef = 8E6148A3241991BF00842A18 /* StatusFilterField.swift */; };
		8E6148EB241991C200842A18 /* CastingTime.swift in Sources */ = {isa = PBXBuildFile; fileRef = 8E6148A4241991BF00842A18 /* CastingTime.swift */; };
		8E6148EC241991C200842A18 /* DeletionPromptController.swift in Sources */ = {isa = PBXBuildFile; fileRef = 8E6148A5241991BF00842A18 /* DeletionPromptController.swift */; };
		8E6148ED241991C200842A18 /* LengthUnit.swift in Sources */ = {isa = PBXBuildFile; fileRef = 8E6148A6241991BF00842A18 /* LengthUnit.swift */; };
		8E6148EE241991C200842A18 /* CharacterCreationController.swift in Sources */ = {isa = PBXBuildFile; fileRef = 8E6148A7241991BF00842A18 /* CharacterCreationController.swift */; };
		8E6148EF241991C200842A18 /* SizeUtils.swift in Sources */ = {isa = PBXBuildFile; fileRef = 8E6148A8241991BF00842A18 /* SizeUtils.swift */; };
		8E6148F1241991C200842A18 /* SpellComparison.swift in Sources */ = {isa = PBXBuildFile; fileRef = 8E6148AA241991BF00842A18 /* SpellComparison.swift */; };
		8E6148F2241991C200842A18 /* ToggleButton.swift in Sources */ = {isa = PBXBuildFile; fileRef = 8E6148AB241991BF00842A18 /* ToggleButton.swift */; };
		8E6148F3241991C200842A18 /* SpellWindowController.swift in Sources */ = {isa = PBXBuildFile; fileRef = 8E6148AC241991BF00842A18 /* SpellWindowController.swift */; };
		8E6148F4241991C200842A18 /* SideMenuCell.swift in Sources */ = {isa = PBXBuildFile; fileRef = 8E6148AD241991BF00842A18 /* SideMenuCell.swift */; };
		8E6148F5241991C200842A18 /* SpellTableViewController.swift in Sources */ = {isa = PBXBuildFile; fileRef = 8E6148AE241991BF00842A18 /* SpellTableViewController.swift */; };
		8E6148F6241991C200842A18 /* FromRightPushAnimator.swift in Sources */ = {isa = PBXBuildFile; fileRef = 8E6148AF241991BF00842A18 /* FromRightPushAnimator.swift */; };
		8E6148F7241991C200842A18 /* InfoMenuViewController.swift in Sources */ = {isa = PBXBuildFile; fileRef = 8E6148B0241991BF00842A18 /* InfoMenuViewController.swift */; };
		8E6148F8241991C200842A18 /* StringUtils.swift in Sources */ = {isa = PBXBuildFile; fileRef = 8E6148B1241991BF00842A18 /* StringUtils.swift */; };
		8E6148F9241991C200842A18 /* SortField.swift in Sources */ = {isa = PBXBuildFile; fileRef = 8E6148B2241991BF00842A18 /* SortField.swift */; };
		8E6148FA241991C200842A18 /* Sourcebook.swift in Sources */ = {isa = PBXBuildFile; fileRef = 8E6148B3241991BF00842A18 /* Sourcebook.swift */; };
		8E6148FC241991C200842A18 /* HashableType.swift in Sources */ = {isa = PBXBuildFile; fileRef = 8E6148B5241991BF00842A18 /* HashableType.swift */; };
		8E6148FD241991C200842A18 /* BookBackground.jpeg in Resources */ = {isa = PBXBuildFile; fileRef = 8E6148B6241991BF00842A18 /* BookBackground.jpeg */; };
		8E6148FE241991C200842A18 /* ViewController.swift in Sources */ = {isa = PBXBuildFile; fileRef = 8E6148B7241991BF00842A18 /* ViewController.swift */; };
		8E6148FF241991C200842A18 /* CharacterProfile.swift in Sources */ = {isa = PBXBuildFile; fileRef = 8E6148B8241991BF00842A18 /* CharacterProfile.swift */; };
		8E614900241991C200842A18 /* QuantityType.swift in Sources */ = {isa = PBXBuildFile; fileRef = 8E6148B9241991C000842A18 /* QuantityType.swift */; };
		8E614901241991C200842A18 /* School.swift in Sources */ = {isa = PBXBuildFile; fileRef = 8E6148BA241991C000842A18 /* School.swift */; };
		8E614902241991C200842A18 /* Unit.swift in Sources */ = {isa = PBXBuildFile; fileRef = 8E6148BB241991C000842A18 /* Unit.swift */; };
		8E614903241991C200842A18 /* Spell.swift in Sources */ = {isa = PBXBuildFile; fileRef = 8E6148BC241991C000842A18 /* Spell.swift */; };
		8E614904241991C200842A18 /* Range.swift in Sources */ = {isa = PBXBuildFile; fileRef = 8E6148BD241991C000842A18 /* Range.swift */; };
		8E614905241991C200842A18 /* InfoTableViewHeader.swift in Sources */ = {isa = PBXBuildFile; fileRef = 8E6148BE241991C000842A18 /* InfoTableViewHeader.swift */; };
		8E614906241991C200842A18 /* StatusPopupController.swift in Sources */ = {isa = PBXBuildFile; fileRef = 8E6148BF241991C000842A18 /* StatusPopupController.swift */; };
		8E614907241991C200842A18 /* PopupViewController.swift in Sources */ = {isa = PBXBuildFile; fileRef = 8E6148C0241991C000842A18 /* PopupViewController.swift */; };
		8E614908241991C200842A18 /* SION.swift in Sources */ = {isa = PBXBuildFile; fileRef = 8E6148C1241991C000842A18 /* SION.swift */; };
		8E614909241991C200842A18 /* CharacterSelectionCell.swift in Sources */ = {isa = PBXBuildFile; fileRef = 8E6148C2241991C000842A18 /* CharacterSelectionCell.swift */; };
		8E61490A241991C200842A18 /* Controllers.swift in Sources */ = {isa = PBXBuildFile; fileRef = 8E6148C3241991C000842A18 /* Controllers.swift */; };
		8E61490B241991C200842A18 /* SortDirectionButton.swift in Sources */ = {isa = PBXBuildFile; fileRef = 8E6148C4241991C000842A18 /* SortDirectionButton.swift */; };
		8E61490C241991C200842A18 /* EnumUtilities.swift in Sources */ = {isa = PBXBuildFile; fileRef = 8E6148C5241991C000842A18 /* EnumUtilities.swift */; };
		8E61490D241991C200842A18 /* CharacterSelectionController.swift in Sources */ = {isa = PBXBuildFile; fileRef = 8E6148C6241991C000842A18 /* CharacterSelectionController.swift */; };
		8E61490E241991C200842A18 /* Extensions.swift in Sources */ = {isa = PBXBuildFile; fileRef = 8E6148C7241991C000842A18 /* Extensions.swift */; };
		8E614910241991C200842A18 /* Util.swift in Sources */ = {isa = PBXBuildFile; fileRef = 8E6148C9241991C000842A18 /* Util.swift */; };
		8E614911241991C200842A18 /* AppDelegate.swift in Sources */ = {isa = PBXBuildFile; fileRef = 8E6148CA241991C000842A18 /* AppDelegate.swift */; };
		8E614912241991C200842A18 /* Quantity.swift in Sources */ = {isa = PBXBuildFile; fileRef = 8E6148CB241991C000842A18 /* Quantity.swift */; };
		8E614913241991C200842A18 /* SpellDataCell.swift in Sources */ = {isa = PBXBuildFile; fileRef = 8E6148CC241991C000842A18 /* SpellDataCell.swift */; };
		8E614914241991C200842A18 /* CasterClass.swift in Sources */ = {isa = PBXBuildFile; fileRef = 8E6148CD241991C100842A18 /* CasterClass.swift */; };
		8E614915241991C200842A18 /* Settings.swift in Sources */ = {isa = PBXBuildFile; fileRef = 8E6148CE241991C100842A18 /* Settings.swift */; };
		8E614916241991C200842A18 /* SideMenuController.swift in Sources */ = {isa = PBXBuildFile; fileRef = 8E6148CF241991C100842A18 /* SideMenuController.swift */; };
		8E614917241991C200842A18 /* SpellParse.swift in Sources */ = {isa = PBXBuildFile; fileRef = 8E6148D0241991C100842A18 /* SpellParse.swift */; };
		8E614918241991C200842A18 /* StatusFilterController.swift in Sources */ = {isa = PBXBuildFile; fileRef = 8E6148D1241991C100842A18 /* StatusFilterController.swift */; };
		8E614919241991C200842A18 /* FromRightDismissAnimator.swift in Sources */ = {isa = PBXBuildFile; fileRef = 8E6148D2241991C100842A18 /* FromRightDismissAnimator.swift */; };
		8E61491A241991C200842A18 /* iOSUtils.swift in Sources */ = {isa = PBXBuildFile; fileRef = 8E6148D3241991C100842A18 /* iOSUtils.swift */; };
		8E61491B241991C200842A18 /* SpellbookError.swift in Sources */ = {isa = PBXBuildFile; fileRef = 8E6148D4241991C100842A18 /* SpellbookError.swift */; };
		8E61491C241991C200842A18 /* SpellStatus.swift in Sources */ = {isa = PBXBuildFile; fileRef = 8E6148D5241991C100842A18 /* SpellStatus.swift */; };
		8E61491D241991C200842A18 /* SpellcastingInfoController.swift in Sources */ = {isa = PBXBuildFile; fileRef = 8E6148D6241991C100842A18 /* SpellcastingInfoController.swift */; };
		8E61491E241991C200842A18 /* Constants.swift in Sources */ = {isa = PBXBuildFile; fileRef = 8E6148D7241991C100842A18 /* Constants.swift */; };
		8E61491F241991C200842A18 /* Transitions.swift in Sources */ = {isa = PBXBuildFile; fileRef = 8E6148D8241991C100842A18 /* Transitions.swift */; };
		8E614920241991C200842A18 /* ImageUtils.swift in Sources */ = {isa = PBXBuildFile; fileRef = 8E6148D9241991C100842A18 /* ImageUtils.swift */; };
		8E614921241991C200842A18 /* SubClass.swift in Sources */ = {isa = PBXBuildFile; fileRef = 8E6148DA241991C100842A18 /* SubClass.swift */; };
		8E614925241991C200842A18 /* EnumMap.swift in Sources */ = {isa = PBXBuildFile; fileRef = 8E6148DE241991C100842A18 /* EnumMap.swift */; };
		8E614926241991C200842A18 /* Assets.xcassets in Resources */ = {isa = PBXBuildFile; fileRef = 8E6148DF241991C100842A18 /* Assets.xcassets */; };
		8E614927241991C200842A18 /* SpellBuilder.swift in Sources */ = {isa = PBXBuildFile; fileRef = 8E6148E0241991C200842A18 /* SpellBuilder.swift */; };
		8E614928241991C200842A18 /* Spellbook.swift in Sources */ = {isa = PBXBuildFile; fileRef = 8E6148E1241991C200842A18 /* Spellbook.swift */; };
		8E614931241997C300842A18 /* SpellcastingInfo.xml in Resources */ = {isa = PBXBuildFile; fileRef = 8E614930241997C300842A18 /* SpellcastingInfo.xml */; };
		8E61493E24199B2D00842A18 /* book_empty.png in Resources */ = {isa = PBXBuildFile; fileRef = 8E61493524199B2D00842A18 /* book_empty.png */; };
		8E61493F24199B2D00842A18 /* wand_empty.png in Resources */ = {isa = PBXBuildFile; fileRef = 8E61493624199B2D00842A18 /* wand_empty.png */; };
		8E61494024199B2D00842A18 /* up_arrow.png in Resources */ = {isa = PBXBuildFile; fileRef = 8E61493724199B2D00842A18 /* up_arrow.png */; };
		8E61494124199B2D00842A18 /* star_filled.png in Resources */ = {isa = PBXBuildFile; fileRef = 8E61493824199B2D00842A18 /* star_filled.png */; };
		8E61494224199B2D00842A18 /* star_empty.png in Resources */ = {isa = PBXBuildFile; fileRef = 8E61493924199B2D00842A18 /* star_empty.png */; };
		8E61494324199B2D00842A18 /* book_filled.png in Resources */ = {isa = PBXBuildFile; fileRef = 8E61493A24199B2D00842A18 /* book_filled.png */; };
		8E61494424199B2D00842A18 /* wand_filled.png in Resources */ = {isa = PBXBuildFile; fileRef = 8E61493B24199B2D00842A18 /* wand_filled.png */; };
		8E61494524199B2D00842A18 /* star.png in Resources */ = {isa = PBXBuildFile; fileRef = 8E61493C24199B2D00842A18 /* star.png */; };
		8E61494624199B2D00842A18 /* x_icon.png in Resources */ = {isa = PBXBuildFile; fileRef = 8E61493D24199B2D00842A18 /* x_icon.png */; };
		8E61494A24199ED500842A18 /* cloister_black.ttf in Resources */ = {isa = PBXBuildFile; fileRef = 8E61494824199CBC00842A18 /* cloister_black.ttf */; };
		8E61494B24199ED800842A18 /* dungeon.ttf in Resources */ = {isa = PBXBuildFile; fileRef = 8E61494924199CBC00842A18 /* dungeon.ttf */; };
		8E6551B629AB42B800A3BC43 /* SpellbookMiddleware.swift in Sources */ = {isa = PBXBuildFile; fileRef = 8E6551B529AB42B800A3BC43 /* SpellbookMiddleware.swift */; };
		8E6551B829AB470400A3BC43 /* SerializationUtils.swift in Sources */ = {isa = PBXBuildFile; fileRef = 8E6551B729AB470400A3BC43 /* SerializationUtils.swift */; };
		8E6551BA29AC63E800A3BC43 /* Toast.swift in Sources */ = {isa = PBXBuildFile; fileRef = 8E6551B929AC63E800A3BC43 /* Toast.swift */; };
		8E6E2B7C28BC840200AA6483 /* SpellSlotStatus.swift in Sources */ = {isa = PBXBuildFile; fileRef = 8E6E2B7B28BC840200AA6483 /* SpellSlotStatus.swift */; };
		8E6E2B7E28BC8C3F00AA6483 /* SIONUtils.swift in Sources */ = {isa = PBXBuildFile; fileRef = 8E6E2B7D28BC8C3F00AA6483 /* SIONUtils.swift */; };
		8E6E2B8228E9FE4A00AA6483 /* SpellSlotsController.swift in Sources */ = {isa = PBXBuildFile; fileRef = 8E6E2B8128E9FE4A00AA6483 /* SpellSlotsController.swift */; };
		8E6E2B8428E9FF2400AA6483 /* SpellbookAppState.swift in Sources */ = {isa = PBXBuildFile; fileRef = 8E6E2B8328E9FF2400AA6483 /* SpellbookAppState.swift */; };
		8E6E2B8628EBF16800AA6483 /* SpellFilterStatus.swift in Sources */ = {isa = PBXBuildFile; fileRef = 8E6E2B8528EBF16800AA6483 /* SpellFilterStatus.swift */; };
		8E6E2B8828ED472900AA6483 /* SortFilterStatus.swift in Sources */ = {isa = PBXBuildFile; fileRef = 8E6E2B8728ED472900AA6483 /* SortFilterStatus.swift */; };
		8E74FA4629E3D7C600E13B91 /* SWXMLHash in Frameworks */ = {isa = PBXBuildFile; productRef = 8E74FA4529E3D7C600E13B91 /* SWXMLHash */; };
		8E74FA4C29E3D84300E13B91 /* Toast in Frameworks */ = {isa = PBXBuildFile; productRef = 8E74FA4B29E3D84300E13B91 /* Toast */; };
		8E74FA5029E3DB3800E13B91 /* ReSwift in Frameworks */ = {isa = PBXBuildFile; productRef = 8E74FA4F29E3DB3800E13B91 /* ReSwift */; };
		8E74FA5329E511D300E13B91 /* ActionSheetPicker-3.0 in Frameworks */ = {isa = PBXBuildFile; productRef = 8E74FA5229E511D300E13B91 /* ActionSheetPicker-3.0 */; };
		8E74FA5629E5194000E13B91 /* SimpleCheckbox in Frameworks */ = {isa = PBXBuildFile; productRef = 8E74FA5529E5194000E13B91 /* SimpleCheckbox */; };
		8E74FA5829EB5A6C00E13B91 /* SpellSlotsManagerController.swift in Sources */ = {isa = PBXBuildFile; fileRef = 8E74FA5729EB5A6C00E13B91 /* SpellSlotsManagerController.swift */; };
		8E74FA5A29EBD7D900E13B91 /* SpellSlotsManagerCell.swift in Sources */ = {isa = PBXBuildFile; fileRef = 8E74FA5929EBD7D900E13B91 /* SpellSlotsManagerCell.swift */; };
		8E7615AA264D716900686033 /* VersionInfo.swift in Sources */ = {isa = PBXBuildFile; fileRef = 8E7615A9264D716900686033 /* VersionInfo.swift */; };
		8E7BD0DD244A6BEF00090C40 /* PassThroughView.swift in Sources */ = {isa = PBXBuildFile; fileRef = 8E7BD0DC244A6BEF00090C40 /* PassThroughView.swift */; };
		8E7EB4ED29F3B87F00408EA4 /* SpellSlotsManagerDelegate.swift in Sources */ = {isa = PBXBuildFile; fileRef = 8E7EB4EC29F3B87F00408EA4 /* SpellSlotsManagerDelegate.swift */; };
		8E92CC65243BCE2100EB78B2 /* Images.swift in Sources */ = {isa = PBXBuildFile; fileRef = 8E92CC64243BCE2100EB78B2 /* Images.swift */; };
		8E92CC67243BD49900EB78B2 /* NumberFieldDelegate.swift in Sources */ = {isa = PBXBuildFile; fileRef = 8E92CC66243BD49900EB78B2 /* NumberFieldDelegate.swift */; };
		8EB3691E293F123900856738 /* AppReducer.swift in Sources */ = {isa = PBXBuildFile; fileRef = 8EB3691D293F123900856738 /* AppReducer.swift */; };
		8EB36920293F133900856738 /* SpellbookActions.swift in Sources */ = {isa = PBXBuildFile; fileRef = 8EB3691F293F133900856738 /* SpellbookActions.swift */; };
		8EB3692229405EAB00856738 /* SpellbookReducers.swift in Sources */ = {isa = PBXBuildFile; fileRef = 8EB3692129405EAB00856738 /* SpellbookReducers.swift */; };
		8EB5331129D54D0F00952027 /* SpellSlotCell.swift in Sources */ = {isa = PBXBuildFile; fileRef = 8EB5331029D54D0F00952027 /* SpellSlotCell.swift */; };
		8EBC99CA2651B84A00E18669 /* UpdateInfo.xml in Resources */ = {isa = PBXBuildFile; fileRef = 8E7615A8264CFA3F00686033 /* UpdateInfo.xml */; };
		8EBF1792243A4B15004C17FA /* TextFieldChooserActionDelegate.swift in Sources */ = {isa = PBXBuildFile; fileRef = 8EBF1791243A4B15004C17FA /* TextFieldChooserActionDelegate.swift */; };
		8ED0B932242BE9E800A085F4 /* down_arrow.png in Resources */ = {isa = PBXBuildFile; fileRef = 8ED0B931242BE9E800A085F4 /* down_arrow.png */; };
		8ED0B936242E514F00A085F4 /* FilterView.swift in Sources */ = {isa = PBXBuildFile; fileRef = 8ED0B935242E514F00A085F4 /* FilterView.swift */; };
		8ED0B9382431392700A085F4 /* NameDisplayable.swift in Sources */ = {isa = PBXBuildFile; fileRef = 8ED0B9372431392700A085F4 /* NameDisplayable.swift */; };
		8EEA28FD297C23D8004971AD /* SpellFilter.swift in Sources */ = {isa = PBXBuildFile; fileRef = 8EEA28FC297C23D8004971AD /* SpellFilter.swift */; };
		8EEAFCCA2645FB4C00A05D01 /* LegacyProfileTests.swift in Sources */ = {isa = PBXBuildFile; fileRef = 8EEAFCC92645FB4C00A05D01 /* LegacyProfileTests.swift */; };
		8EEDC3E22ADA69170045D002 /* HigherLevelSlotController.swift in Sources */ = {isa = PBXBuildFile; fileRef = 8EEDC3E12ADA69170045D002 /* HigherLevelSlotController.swift */; };
		8EEDC3E42AE739A60045D002 /* ConfirmNextAvailableCastController.swift in Sources */ = {isa = PBXBuildFile; fileRef = 8EEDC3E32AE739A50045D002 /* ConfirmNextAvailableCastController.swift */; };
		8EF6EF0B264668F60059BCE8 /* Version.swift in Sources */ = {isa = PBXBuildFile; fileRef = 8EF6EF0A264668F60059BCE8 /* Version.swift */; };
		8EF6EF0D26485A2E0059BCE8 /* VersionTests.swift in Sources */ = {isa = PBXBuildFile; fileRef = 8EF6EF0C26485A2E0059BCE8 /* VersionTests.swift */; };
		FC2FAFD42E14F3AA00710B6A /* HtmlToPdf in Frameworks */ = {isa = PBXBuildFile; productRef = FC2FAFD32E14F3AA00710B6A /* HtmlToPdf */; };
		FC2FAFD82E1A4D0400710B6A /* RenameCharacterController.swift in Sources */ = {isa = PBXBuildFile; fileRef = FC2FAFD72E1A4D0400710B6A /* RenameCharacterController.swift */; };
		FC46ED5F2DCDC93800D42840 /* SpellListExporter.swift in Sources */ = {isa = PBXBuildFile; fileRef = FC46ED5E2DCDC93800D42840 /* SpellListExporter.swift */; };
		FC46ED632DCE46D600D42840 /* SpellListMarkdownExporter.swift in Sources */ = {isa = PBXBuildFile; fileRef = FC46ED622DCE46D600D42840 /* SpellListMarkdownExporter.swift */; };
		FC6B96CD2DCF25D60091A5CA /* SpellListHTMLExporter.swift in Sources */ = {isa = PBXBuildFile; fileRef = FC6B96CC2DCF25D60091A5CA /* SpellListHTMLExporter.swift */; };
		FC74CDFF2C9F3938001AC518 /* Ruleset.swift in Sources */ = {isa = PBXBuildFile; fileRef = FC74CDFE2C9F3938001AC518 /* Ruleset.swift */; };
		FC74CE012C9FF168001AC518 /* BidirectionalMap.swift in Sources */ = {isa = PBXBuildFile; fileRef = FC74CE002C9FF168001AC518 /* BidirectionalMap.swift */; };
		FC8256AC2DCFAABF00CBED32 /* SpellListPDFExporter.swift in Sources */ = {isa = PBXBuildFile; fileRef = FC8256AB2DCFAABF00CBED32 /* SpellListPDFExporter.swift */; };
		FC8256AF2DCFB3E800CBED32 /* ExportSpellListController.swift in Sources */ = {isa = PBXBuildFile; fileRef = FC8256AE2DCFB3E800CBED32 /* ExportSpellListController.swift */; };
		FCB135DE2D55DCDD007EEB0B /* ParsingTests.swift in Sources */ = {isa = PBXBuildFile; fileRef = FCB135DD2D55DCDD007EEB0B /* ParsingTests.swift */; };
/* End PBXBuildFile section */

/* Begin PBXContainerItemProxy section */
		397EE97A21ACA86800B116B0 /* PBXContainerItemProxy */ = {
			isa = PBXContainerItemProxy;
			containerPortal = 397EE95D21ACA86300B116B0 /* Project object */;
			proxyType = 1;
			remoteGlobalIDString = 397EE96421ACA86400B116B0;
			remoteInfo = Spellbook;
		};
		397EE98521ACA86900B116B0 /* PBXContainerItemProxy */ = {
			isa = PBXContainerItemProxy;
			containerPortal = 397EE95D21ACA86300B116B0 /* Project object */;
			proxyType = 1;
			remoteGlobalIDString = 397EE96421ACA86400B116B0;
			remoteInfo = Spellbook;
		};
/* End PBXContainerItemProxy section */

/* Begin PBXFileReference section */
		397EE96521ACA86400B116B0 /* Spellbook.app */ = {isa = PBXFileReference; explicitFileType = wrapper.application; includeInIndex = 0; path = Spellbook.app; sourceTree = BUILT_PRODUCTS_DIR; };
		397EE96D21ACA86400B116B0 /* Base */ = {isa = PBXFileReference; lastKnownFileType = file.storyboard; name = Base; path = Base.lproj/Main.storyboard; sourceTree = "<group>"; };
		397EE97221ACA86800B116B0 /* Base */ = {isa = PBXFileReference; lastKnownFileType = file.storyboard; name = Base; path = Base.lproj/LaunchScreen.storyboard; sourceTree = "<group>"; };
		397EE97921ACA86800B116B0 /* SpellbookTests.xctest */ = {isa = PBXFileReference; explicitFileType = wrapper.cfbundle; includeInIndex = 0; path = SpellbookTests.xctest; sourceTree = BUILT_PRODUCTS_DIR; };
		397EE97D21ACA86800B116B0 /* SpellbookTests.swift */ = {isa = PBXFileReference; lastKnownFileType = sourcecode.swift; path = SpellbookTests.swift; sourceTree = "<group>"; };
		397EE97F21ACA86800B116B0 /* Info.plist */ = {isa = PBXFileReference; lastKnownFileType = text.plist.xml; path = Info.plist; sourceTree = "<group>"; };
		397EE98421ACA86900B116B0 /* SpellbookUITests.xctest */ = {isa = PBXFileReference; explicitFileType = wrapper.cfbundle; includeInIndex = 0; path = SpellbookUITests.xctest; sourceTree = BUILT_PRODUCTS_DIR; };
		397EE98821ACA86900B116B0 /* SpellbookUITests.swift */ = {isa = PBXFileReference; lastKnownFileType = sourcecode.swift; path = SpellbookUITests.swift; sourceTree = "<group>"; };
		397EE98A21ACA86900B116B0 /* Info.plist */ = {isa = PBXFileReference; lastKnownFileType = text.plist.xml; path = Info.plist; sourceTree = "<group>"; };
		39F1046F21AD87F40068A09E /* SION.swift */ = {isa = PBXFileReference; lastKnownFileType = sourcecode.swift; name = SION.swift; path = "../../Desktop/git/swift-sion/Sources/SION/SION.swift"; sourceTree = "<group>"; };
		39F306A42378A4310078FA83 /* SWRevealViewController.h */ = {isa = PBXFileReference; fileEncoding = 4; lastKnownFileType = sourcecode.c.h; path = SWRevealViewController.h; sourceTree = "<group>"; };
		39F306A52378A4310078FA83 /* SWRevealViewController.m */ = {isa = PBXFileReference; fileEncoding = 4; lastKnownFileType = sourcecode.c.objc; path = SWRevealViewController.m; sourceTree = "<group>"; };
		8E02F76124345F6200A3050C /* YesNo.swift */ = {isa = PBXFileReference; lastKnownFileType = sourcecode.swift; path = YesNo.swift; sourceTree = "<group>"; };
		8E02F7632436378400A3050C /* FilterGridDelegate.swift */ = {isa = PBXFileReference; lastKnownFileType = sourcecode.swift; path = FilterGridDelegate.swift; sourceTree = "<group>"; };
		8E02F76524363BAD00A3050C /* FilterView.xib */ = {isa = PBXFileReference; lastKnownFileType = file.xib; path = FilterView.xib; sourceTree = "<group>"; };
		8E02F7692436B5E200A3050C /* FilterCell.swift */ = {isa = PBXFileReference; lastKnownFileType = sourcecode.swift; path = FilterCell.swift; sourceTree = "<group>"; };
		8E02F76F2437EC8800A3050C /* YesNoFilterDelegate.swift */ = {isa = PBXFileReference; lastKnownFileType = sourcecode.swift; path = YesNoFilterDelegate.swift; sourceTree = "<group>"; };
		8E02F7712437F39200A3050C /* CombinationProtocols.swift */ = {isa = PBXFileReference; lastKnownFileType = sourcecode.swift; path = CombinationProtocols.swift; sourceTree = "<group>"; };
		8E02F7732438EF1400A3050C /* RangeView.xib */ = {isa = PBXFileReference; lastKnownFileType = file.xib; path = RangeView.xib; sourceTree = "<group>"; };
		8E02F7752438F04000A3050C /* RangeView.swift */ = {isa = PBXFileReference; lastKnownFileType = sourcecode.swift; path = RangeView.swift; sourceTree = "<group>"; };
		8E07AE0A2A0C957400C0487B /* clipboard_icon.png */ = {isa = PBXFileReference; lastKnownFileType = image.png; path = clipboard_icon.png; sourceTree = "<group>"; };
		8E07AE0C2A0F708700C0487B /* ImportCharacterController.swift */ = {isa = PBXFileReference; lastKnownFileType = sourcecode.swift; path = ImportCharacterController.swift; sourceTree = "<group>"; };
		8E07AE0E2A10AFA700C0487B /* Operators.swift */ = {isa = PBXFileReference; lastKnownFileType = sourcecode.swift; path = Operators.swift; sourceTree = "<group>"; };
		8E13F1E2244E1B14004CCC18 /* trash_icon.png */ = {isa = PBXFileReference; lastKnownFileType = image.png; path = trash_icon.png; sourceTree = "<group>"; };
		8E177F9A2432F34B005146B6 /* SortFilterTableController.swift */ = {isa = PBXFileReference; lastKnownFileType = sourcecode.swift; path = SortFilterTableController.swift; sourceTree = "<group>"; };
		8E19DA4F257C094A002B4F43 /* FilterOptionView.swift */ = {isa = PBXFileReference; lastKnownFileType = sourcecode.swift; path = FilterOptionView.swift; sourceTree = "<group>"; };
		8E19DA54257C095A002B4F43 /* FilterOptionView.xib */ = {isa = PBXFileReference; lastKnownFileType = file.xib; path = FilterOptionView.xib; sourceTree = "<group>"; };
		8E19DA59257D6D46002B4F43 /* MessageDialogController.swift */ = {isa = PBXFileReference; lastKnownFileType = sourcecode.swift; path = MessageDialogController.swift; sourceTree = "<group>"; };
		8E452C0B2A3A652E00C78D9C /* CharacterProfileTests.swift */ = {isa = PBXFileReference; lastKnownFileType = sourcecode.swift; path = CharacterProfileTests.swift; sourceTree = "<group>"; };
		8E61489B241991BE00842A18 /* Spells.json */ = {isa = PBXFileReference; fileEncoding = 4; lastKnownFileType = text.json; path = Spells.json; sourceTree = "<group>"; };
		8E61489C241991BE00842A18 /* TimeUnit.swift */ = {isa = PBXFileReference; fileEncoding = 4; lastKnownFileType = sourcecode.swift; path = TimeUnit.swift; sourceTree = "<group>"; };
		8E61489D241991BE00842A18 /* SourcebookFilterController.swift */ = {isa = PBXFileReference; fileEncoding = 4; lastKnownFileType = sourcecode.swift; path = SourcebookFilterController.swift; sourceTree = "<group>"; };
		8E61489E241991BE00842A18 /* Duration.swift */ = {isa = PBXFileReference; fileEncoding = 4; lastKnownFileType = sourcecode.swift; path = Duration.swift; sourceTree = "<group>"; };
		8E61489F241991BE00842A18 /* CharacterTableController.swift */ = {isa = PBXFileReference; fileEncoding = 4; lastKnownFileType = sourcecode.swift; path = CharacterTableController.swift; sourceTree = "<group>"; };
		8E6148A0241991BE00842A18 /* InfoMenuCell.swift */ = {isa = PBXFileReference; fileEncoding = 4; lastKnownFileType = sourcecode.swift; path = InfoMenuCell.swift; sourceTree = "<group>"; };
		8E6148A1241991BE00842A18 /* SearchButton.swift */ = {isa = PBXFileReference; fileEncoding = 4; lastKnownFileType = sourcecode.swift; path = SearchButton.swift; sourceTree = "<group>"; };
		8E6148A2241991BF00842A18 /* LabelViewController.swift */ = {isa = PBXFileReference; fileEncoding = 4; lastKnownFileType = sourcecode.swift; path = LabelViewController.swift; sourceTree = "<group>"; };
		8E6148A3241991BF00842A18 /* StatusFilterField.swift */ = {isa = PBXFileReference; fileEncoding = 4; lastKnownFileType = sourcecode.swift; path = StatusFilterField.swift; sourceTree = "<group>"; };
		8E6148A4241991BF00842A18 /* CastingTime.swift */ = {isa = PBXFileReference; fileEncoding = 4; lastKnownFileType = sourcecode.swift; path = CastingTime.swift; sourceTree = "<group>"; };
		8E6148A5241991BF00842A18 /* DeletionPromptController.swift */ = {isa = PBXFileReference; fileEncoding = 4; lastKnownFileType = sourcecode.swift; path = DeletionPromptController.swift; sourceTree = "<group>"; };
		8E6148A6241991BF00842A18 /* LengthUnit.swift */ = {isa = PBXFileReference; fileEncoding = 4; lastKnownFileType = sourcecode.swift; path = LengthUnit.swift; sourceTree = "<group>"; };
		8E6148A7241991BF00842A18 /* CharacterCreationController.swift */ = {isa = PBXFileReference; fileEncoding = 4; lastKnownFileType = sourcecode.swift; path = CharacterCreationController.swift; sourceTree = "<group>"; };
		8E6148A8241991BF00842A18 /* SizeUtils.swift */ = {isa = PBXFileReference; fileEncoding = 4; lastKnownFileType = sourcecode.swift; path = SizeUtils.swift; sourceTree = "<group>"; };
		8E6148AA241991BF00842A18 /* SpellComparison.swift */ = {isa = PBXFileReference; fileEncoding = 4; lastKnownFileType = sourcecode.swift; path = SpellComparison.swift; sourceTree = "<group>"; };
		8E6148AB241991BF00842A18 /* ToggleButton.swift */ = {isa = PBXFileReference; fileEncoding = 4; lastKnownFileType = sourcecode.swift; path = ToggleButton.swift; sourceTree = "<group>"; };
		8E6148AC241991BF00842A18 /* SpellWindowController.swift */ = {isa = PBXFileReference; fileEncoding = 4; lastKnownFileType = sourcecode.swift; path = SpellWindowController.swift; sourceTree = "<group>"; };
		8E6148AD241991BF00842A18 /* SideMenuCell.swift */ = {isa = PBXFileReference; fileEncoding = 4; lastKnownFileType = sourcecode.swift; path = SideMenuCell.swift; sourceTree = "<group>"; };
		8E6148AE241991BF00842A18 /* SpellTableViewController.swift */ = {isa = PBXFileReference; fileEncoding = 4; lastKnownFileType = sourcecode.swift; path = SpellTableViewController.swift; sourceTree = "<group>"; };
		8E6148AF241991BF00842A18 /* FromRightPushAnimator.swift */ = {isa = PBXFileReference; fileEncoding = 4; lastKnownFileType = sourcecode.swift; path = FromRightPushAnimator.swift; sourceTree = "<group>"; };
		8E6148B0241991BF00842A18 /* InfoMenuViewController.swift */ = {isa = PBXFileReference; fileEncoding = 4; lastKnownFileType = sourcecode.swift; path = InfoMenuViewController.swift; sourceTree = "<group>"; };
		8E6148B1241991BF00842A18 /* StringUtils.swift */ = {isa = PBXFileReference; fileEncoding = 4; lastKnownFileType = sourcecode.swift; path = StringUtils.swift; sourceTree = "<group>"; };
		8E6148B2241991BF00842A18 /* SortField.swift */ = {isa = PBXFileReference; fileEncoding = 4; lastKnownFileType = sourcecode.swift; path = SortField.swift; sourceTree = "<group>"; };
		8E6148B3241991BF00842A18 /* Sourcebook.swift */ = {isa = PBXFileReference; fileEncoding = 4; lastKnownFileType = sourcecode.swift; path = Sourcebook.swift; sourceTree = "<group>"; };
		8E6148B5241991BF00842A18 /* HashableType.swift */ = {isa = PBXFileReference; fileEncoding = 4; lastKnownFileType = sourcecode.swift; path = HashableType.swift; sourceTree = "<group>"; };
		8E6148B6241991BF00842A18 /* BookBackground.jpeg */ = {isa = PBXFileReference; lastKnownFileType = image.jpeg; path = BookBackground.jpeg; sourceTree = "<group>"; };
		8E6148B7241991BF00842A18 /* ViewController.swift */ = {isa = PBXFileReference; fileEncoding = 4; lastKnownFileType = sourcecode.swift; path = ViewController.swift; sourceTree = "<group>"; };
		8E6148B8241991BF00842A18 /* CharacterProfile.swift */ = {isa = PBXFileReference; fileEncoding = 4; lastKnownFileType = sourcecode.swift; path = CharacterProfile.swift; sourceTree = "<group>"; };
		8E6148B9241991C000842A18 /* QuantityType.swift */ = {isa = PBXFileReference; fileEncoding = 4; lastKnownFileType = sourcecode.swift; path = QuantityType.swift; sourceTree = "<group>"; };
		8E6148BA241991C000842A18 /* School.swift */ = {isa = PBXFileReference; fileEncoding = 4; lastKnownFileType = sourcecode.swift; path = School.swift; sourceTree = "<group>"; };
		8E6148BB241991C000842A18 /* Unit.swift */ = {isa = PBXFileReference; fileEncoding = 4; lastKnownFileType = sourcecode.swift; path = Unit.swift; sourceTree = "<group>"; };
		8E6148BC241991C000842A18 /* Spell.swift */ = {isa = PBXFileReference; fileEncoding = 4; lastKnownFileType = sourcecode.swift; path = Spell.swift; sourceTree = "<group>"; };
		8E6148BD241991C000842A18 /* Range.swift */ = {isa = PBXFileReference; fileEncoding = 4; lastKnownFileType = sourcecode.swift; path = Range.swift; sourceTree = "<group>"; };
		8E6148BE241991C000842A18 /* InfoTableViewHeader.swift */ = {isa = PBXFileReference; fileEncoding = 4; lastKnownFileType = sourcecode.swift; path = InfoTableViewHeader.swift; sourceTree = "<group>"; };
		8E6148BF241991C000842A18 /* StatusPopupController.swift */ = {isa = PBXFileReference; fileEncoding = 4; lastKnownFileType = sourcecode.swift; path = StatusPopupController.swift; sourceTree = "<group>"; };
		8E6148C0241991C000842A18 /* PopupViewController.swift */ = {isa = PBXFileReference; fileEncoding = 4; lastKnownFileType = sourcecode.swift; path = PopupViewController.swift; sourceTree = "<group>"; };
		8E6148C1241991C000842A18 /* SION.swift */ = {isa = PBXFileReference; fileEncoding = 4; lastKnownFileType = sourcecode.swift; path = SION.swift; sourceTree = "<group>"; };
		8E6148C2241991C000842A18 /* CharacterSelectionCell.swift */ = {isa = PBXFileReference; fileEncoding = 4; lastKnownFileType = sourcecode.swift; path = CharacterSelectionCell.swift; sourceTree = "<group>"; };
		8E6148C3241991C000842A18 /* Controllers.swift */ = {isa = PBXFileReference; fileEncoding = 4; lastKnownFileType = sourcecode.swift; path = Controllers.swift; sourceTree = "<group>"; };
		8E6148C4241991C000842A18 /* SortDirectionButton.swift */ = {isa = PBXFileReference; fileEncoding = 4; lastKnownFileType = sourcecode.swift; path = SortDirectionButton.swift; sourceTree = "<group>"; };
		8E6148C5241991C000842A18 /* EnumUtilities.swift */ = {isa = PBXFileReference; fileEncoding = 4; lastKnownFileType = sourcecode.swift; path = EnumUtilities.swift; sourceTree = "<group>"; };
		8E6148C6241991C000842A18 /* CharacterSelectionController.swift */ = {isa = PBXFileReference; fileEncoding = 4; lastKnownFileType = sourcecode.swift; path = CharacterSelectionController.swift; sourceTree = "<group>"; };
		8E6148C7241991C000842A18 /* Extensions.swift */ = {isa = PBXFileReference; fileEncoding = 4; lastKnownFileType = sourcecode.swift; path = Extensions.swift; sourceTree = "<group>"; };
		8E6148C9241991C000842A18 /* Util.swift */ = {isa = PBXFileReference; fileEncoding = 4; lastKnownFileType = sourcecode.swift; path = Util.swift; sourceTree = "<group>"; };
		8E6148CA241991C000842A18 /* AppDelegate.swift */ = {isa = PBXFileReference; fileEncoding = 4; lastKnownFileType = sourcecode.swift; path = AppDelegate.swift; sourceTree = "<group>"; };
		8E6148CB241991C000842A18 /* Quantity.swift */ = {isa = PBXFileReference; fileEncoding = 4; lastKnownFileType = sourcecode.swift; path = Quantity.swift; sourceTree = "<group>"; };
		8E6148CC241991C000842A18 /* SpellDataCell.swift */ = {isa = PBXFileReference; fileEncoding = 4; lastKnownFileType = sourcecode.swift; path = SpellDataCell.swift; sourceTree = "<group>"; };
		8E6148CD241991C100842A18 /* CasterClass.swift */ = {isa = PBXFileReference; fileEncoding = 4; lastKnownFileType = sourcecode.swift; path = CasterClass.swift; sourceTree = "<group>"; };
		8E6148CE241991C100842A18 /* Settings.swift */ = {isa = PBXFileReference; fileEncoding = 4; lastKnownFileType = sourcecode.swift; path = Settings.swift; sourceTree = "<group>"; };
		8E6148CF241991C100842A18 /* SideMenuController.swift */ = {isa = PBXFileReference; fileEncoding = 4; lastKnownFileType = sourcecode.swift; path = SideMenuController.swift; sourceTree = "<group>"; };
		8E6148D0241991C100842A18 /* SpellParse.swift */ = {isa = PBXFileReference; fileEncoding = 4; lastKnownFileType = sourcecode.swift; path = SpellParse.swift; sourceTree = "<group>"; };
		8E6148D1241991C100842A18 /* StatusFilterController.swift */ = {isa = PBXFileReference; fileEncoding = 4; lastKnownFileType = sourcecode.swift; path = StatusFilterController.swift; sourceTree = "<group>"; };
		8E6148D2241991C100842A18 /* FromRightDismissAnimator.swift */ = {isa = PBXFileReference; fileEncoding = 4; lastKnownFileType = sourcecode.swift; path = FromRightDismissAnimator.swift; sourceTree = "<group>"; };
		8E6148D3241991C100842A18 /* iOSUtils.swift */ = {isa = PBXFileReference; fileEncoding = 4; lastKnownFileType = sourcecode.swift; path = iOSUtils.swift; sourceTree = "<group>"; };
		8E6148D4241991C100842A18 /* SpellbookError.swift */ = {isa = PBXFileReference; fileEncoding = 4; lastKnownFileType = sourcecode.swift; path = SpellbookError.swift; sourceTree = "<group>"; };
		8E6148D5241991C100842A18 /* SpellStatus.swift */ = {isa = PBXFileReference; fileEncoding = 4; lastKnownFileType = sourcecode.swift; path = SpellStatus.swift; sourceTree = "<group>"; };
		8E6148D6241991C100842A18 /* SpellcastingInfoController.swift */ = {isa = PBXFileReference; fileEncoding = 4; lastKnownFileType = sourcecode.swift; path = SpellcastingInfoController.swift; sourceTree = "<group>"; };
		8E6148D7241991C100842A18 /* Constants.swift */ = {isa = PBXFileReference; fileEncoding = 4; lastKnownFileType = sourcecode.swift; path = Constants.swift; sourceTree = "<group>"; };
		8E6148D8241991C100842A18 /* Transitions.swift */ = {isa = PBXFileReference; fileEncoding = 4; lastKnownFileType = sourcecode.swift; path = Transitions.swift; sourceTree = "<group>"; };
		8E6148D9241991C100842A18 /* ImageUtils.swift */ = {isa = PBXFileReference; fileEncoding = 4; lastKnownFileType = sourcecode.swift; path = ImageUtils.swift; sourceTree = "<group>"; };
		8E6148DA241991C100842A18 /* SubClass.swift */ = {isa = PBXFileReference; fileEncoding = 4; lastKnownFileType = sourcecode.swift; path = SubClass.swift; sourceTree = "<group>"; };
		8E6148DB241991C100842A18 /* Info.plist */ = {isa = PBXFileReference; fileEncoding = 4; lastKnownFileType = text.plist.xml; path = Info.plist; sourceTree = "<group>"; };
		8E6148DE241991C100842A18 /* EnumMap.swift */ = {isa = PBXFileReference; fileEncoding = 4; lastKnownFileType = sourcecode.swift; path = EnumMap.swift; sourceTree = "<group>"; };
		8E6148DF241991C100842A18 /* Assets.xcassets */ = {isa = PBXFileReference; lastKnownFileType = folder.assetcatalog; path = Assets.xcassets; sourceTree = "<group>"; };
		8E6148E0241991C200842A18 /* SpellBuilder.swift */ = {isa = PBXFileReference; fileEncoding = 4; lastKnownFileType = sourcecode.swift; path = SpellBuilder.swift; sourceTree = "<group>"; };
		8E6148E1241991C200842A18 /* Spellbook.swift */ = {isa = PBXFileReference; fileEncoding = 4; lastKnownFileType = sourcecode.swift; path = Spellbook.swift; sourceTree = "<group>"; };
		8E61492E2419971200842A18 /* Spellbook-Bridging-Header.h */ = {isa = PBXFileReference; lastKnownFileType = sourcecode.c.h; path = "Spellbook-Bridging-Header.h"; sourceTree = "<group>"; };
		8E614930241997C300842A18 /* SpellcastingInfo.xml */ = {isa = PBXFileReference; fileEncoding = 4; lastKnownFileType = text.xml; name = SpellcastingInfo.xml; path = Data/SpellcastingInfo.xml; sourceTree = SOURCE_ROOT; };
		8E61493524199B2D00842A18 /* book_empty.png */ = {isa = PBXFileReference; lastKnownFileType = image.png; path = book_empty.png; sourceTree = SOURCE_ROOT; };
		8E61493624199B2D00842A18 /* wand_empty.png */ = {isa = PBXFileReference; lastKnownFileType = image.png; path = wand_empty.png; sourceTree = SOURCE_ROOT; };
		8E61493724199B2D00842A18 /* up_arrow.png */ = {isa = PBXFileReference; lastKnownFileType = image.png; path = up_arrow.png; sourceTree = SOURCE_ROOT; };
		8E61493824199B2D00842A18 /* star_filled.png */ = {isa = PBXFileReference; lastKnownFileType = image.png; path = star_filled.png; sourceTree = SOURCE_ROOT; };
		8E61493924199B2D00842A18 /* star_empty.png */ = {isa = PBXFileReference; lastKnownFileType = image.png; path = star_empty.png; sourceTree = SOURCE_ROOT; };
		8E61493A24199B2D00842A18 /* book_filled.png */ = {isa = PBXFileReference; lastKnownFileType = image.png; path = book_filled.png; sourceTree = SOURCE_ROOT; };
		8E61493B24199B2D00842A18 /* wand_filled.png */ = {isa = PBXFileReference; lastKnownFileType = image.png; path = wand_filled.png; sourceTree = SOURCE_ROOT; };
		8E61493C24199B2D00842A18 /* star.png */ = {isa = PBXFileReference; lastKnownFileType = image.png; path = star.png; sourceTree = SOURCE_ROOT; };
		8E61493D24199B2D00842A18 /* x_icon.png */ = {isa = PBXFileReference; lastKnownFileType = image.png; path = x_icon.png; sourceTree = SOURCE_ROOT; };
		8E61494824199CBC00842A18 /* cloister_black.ttf */ = {isa = PBXFileReference; lastKnownFileType = file; path = cloister_black.ttf; sourceTree = SOURCE_ROOT; };
		8E61494924199CBC00842A18 /* dungeon.ttf */ = {isa = PBXFileReference; lastKnownFileType = file; path = dungeon.ttf; sourceTree = SOURCE_ROOT; };
		8E6551B529AB42B800A3BC43 /* SpellbookMiddleware.swift */ = {isa = PBXFileReference; lastKnownFileType = sourcecode.swift; path = SpellbookMiddleware.swift; sourceTree = "<group>"; };
		8E6551B729AB470400A3BC43 /* SerializationUtils.swift */ = {isa = PBXFileReference; lastKnownFileType = sourcecode.swift; path = SerializationUtils.swift; sourceTree = "<group>"; };
		8E6551B929AC63E800A3BC43 /* Toast.swift */ = {isa = PBXFileReference; lastKnownFileType = sourcecode.swift; path = Toast.swift; sourceTree = "<group>"; };
		8E6E2B7B28BC840200AA6483 /* SpellSlotStatus.swift */ = {isa = PBXFileReference; lastKnownFileType = sourcecode.swift; path = SpellSlotStatus.swift; sourceTree = "<group>"; };
		8E6E2B7D28BC8C3F00AA6483 /* SIONUtils.swift */ = {isa = PBXFileReference; lastKnownFileType = sourcecode.swift; path = SIONUtils.swift; sourceTree = "<group>"; };
		8E6E2B8128E9FE4A00AA6483 /* SpellSlotsController.swift */ = {isa = PBXFileReference; lastKnownFileType = sourcecode.swift; path = SpellSlotsController.swift; sourceTree = "<group>"; };
		8E6E2B8328E9FF2400AA6483 /* SpellbookAppState.swift */ = {isa = PBXFileReference; lastKnownFileType = sourcecode.swift; path = SpellbookAppState.swift; sourceTree = "<group>"; };
		8E6E2B8528EBF16800AA6483 /* SpellFilterStatus.swift */ = {isa = PBXFileReference; lastKnownFileType = sourcecode.swift; path = SpellFilterStatus.swift; sourceTree = "<group>"; };
		8E6E2B8728ED472900AA6483 /* SortFilterStatus.swift */ = {isa = PBXFileReference; lastKnownFileType = sourcecode.swift; path = SortFilterStatus.swift; sourceTree = "<group>"; };
		8E74FA5729EB5A6C00E13B91 /* SpellSlotsManagerController.swift */ = {isa = PBXFileReference; lastKnownFileType = sourcecode.swift; path = SpellSlotsManagerController.swift; sourceTree = "<group>"; };
		8E74FA5929EBD7D900E13B91 /* SpellSlotsManagerCell.swift */ = {isa = PBXFileReference; lastKnownFileType = sourcecode.swift; path = SpellSlotsManagerCell.swift; sourceTree = "<group>"; };
		8E7615A8264CFA3F00686033 /* UpdateInfo.xml */ = {isa = PBXFileReference; fileEncoding = 4; lastKnownFileType = text.xml; name = UpdateInfo.xml; path = Data/UpdateInfo.xml; sourceTree = SOURCE_ROOT; };
		8E7615A9264D716900686033 /* VersionInfo.swift */ = {isa = PBXFileReference; lastKnownFileType = sourcecode.swift; path = VersionInfo.swift; sourceTree = "<group>"; };
		8E7BD0DC244A6BEF00090C40 /* PassThroughView.swift */ = {isa = PBXFileReference; lastKnownFileType = sourcecode.swift; path = PassThroughView.swift; sourceTree = "<group>"; };
		8E7EB4EC29F3B87F00408EA4 /* SpellSlotsManagerDelegate.swift */ = {isa = PBXFileReference; lastKnownFileType = sourcecode.swift; path = SpellSlotsManagerDelegate.swift; sourceTree = "<group>"; };
		8E92CC64243BCE2100EB78B2 /* Images.swift */ = {isa = PBXFileReference; lastKnownFileType = sourcecode.swift; path = Images.swift; sourceTree = "<group>"; };
		8E92CC66243BD49900EB78B2 /* NumberFieldDelegate.swift */ = {isa = PBXFileReference; lastKnownFileType = sourcecode.swift; path = NumberFieldDelegate.swift; sourceTree = "<group>"; };
		8EB3691D293F123900856738 /* AppReducer.swift */ = {isa = PBXFileReference; lastKnownFileType = sourcecode.swift; path = AppReducer.swift; sourceTree = "<group>"; };
		8EB3691F293F133900856738 /* SpellbookActions.swift */ = {isa = PBXFileReference; lastKnownFileType = sourcecode.swift; path = SpellbookActions.swift; sourceTree = "<group>"; };
		8EB3692129405EAB00856738 /* SpellbookReducers.swift */ = {isa = PBXFileReference; lastKnownFileType = sourcecode.swift; path = SpellbookReducers.swift; sourceTree = "<group>"; };
		8EB5331029D54D0F00952027 /* SpellSlotCell.swift */ = {isa = PBXFileReference; lastKnownFileType = sourcecode.swift; path = SpellSlotCell.swift; sourceTree = "<group>"; };
		8EBF1791243A4B15004C17FA /* TextFieldChooserActionDelegate.swift */ = {isa = PBXFileReference; lastKnownFileType = sourcecode.swift; path = TextFieldChooserActionDelegate.swift; sourceTree = "<group>"; };
		8ED0B931242BE9E800A085F4 /* down_arrow.png */ = {isa = PBXFileReference; lastKnownFileType = image.png; path = down_arrow.png; sourceTree = SOURCE_ROOT; };
		8ED0B935242E514F00A085F4 /* FilterView.swift */ = {isa = PBXFileReference; lastKnownFileType = sourcecode.swift; path = FilterView.swift; sourceTree = "<group>"; };
		8ED0B9372431392700A085F4 /* NameDisplayable.swift */ = {isa = PBXFileReference; lastKnownFileType = sourcecode.swift; path = NameDisplayable.swift; sourceTree = "<group>"; };
		8EEA28FC297C23D8004971AD /* SpellFilter.swift */ = {isa = PBXFileReference; lastKnownFileType = sourcecode.swift; path = SpellFilter.swift; sourceTree = "<group>"; };
		8EEAFCC92645FB4C00A05D01 /* LegacyProfileTests.swift */ = {isa = PBXFileReference; lastKnownFileType = sourcecode.swift; path = LegacyProfileTests.swift; sourceTree = "<group>"; };
		8EEDC3E12ADA69170045D002 /* HigherLevelSlotController.swift */ = {isa = PBXFileReference; lastKnownFileType = sourcecode.swift; path = HigherLevelSlotController.swift; sourceTree = "<group>"; };
		8EEDC3E32AE739A50045D002 /* ConfirmNextAvailableCastController.swift */ = {isa = PBXFileReference; lastKnownFileType = sourcecode.swift; path = ConfirmNextAvailableCastController.swift; sourceTree = "<group>"; };
		8EF6EF0A264668F60059BCE8 /* Version.swift */ = {isa = PBXFileReference; lastKnownFileType = sourcecode.swift; path = Version.swift; sourceTree = "<group>"; };
		8EF6EF0C26485A2E0059BCE8 /* VersionTests.swift */ = {isa = PBXFileReference; lastKnownFileType = sourcecode.swift; path = VersionTests.swift; sourceTree = "<group>"; };
		FC2FAFD72E1A4D0400710B6A /* RenameCharacterController.swift */ = {isa = PBXFileReference; lastKnownFileType = sourcecode.swift; path = RenameCharacterController.swift; sourceTree = "<group>"; };
		FC46ED5E2DCDC93800D42840 /* SpellListExporter.swift */ = {isa = PBXFileReference; lastKnownFileType = sourcecode.swift; path = SpellListExporter.swift; sourceTree = "<group>"; };
		FC46ED622DCE46D600D42840 /* SpellListMarkdownExporter.swift */ = {isa = PBXFileReference; lastKnownFileType = sourcecode.swift; path = SpellListMarkdownExporter.swift; sourceTree = "<group>"; };
		FC6B96CC2DCF25D60091A5CA /* SpellListHTMLExporter.swift */ = {isa = PBXFileReference; lastKnownFileType = sourcecode.swift; path = SpellListHTMLExporter.swift; sourceTree = "<group>"; };
		FC74CDFE2C9F3938001AC518 /* Ruleset.swift */ = {isa = PBXFileReference; lastKnownFileType = sourcecode.swift; path = Ruleset.swift; sourceTree = "<group>"; };
		FC74CE002C9FF168001AC518 /* BidirectionalMap.swift */ = {isa = PBXFileReference; lastKnownFileType = sourcecode.swift; path = BidirectionalMap.swift; sourceTree = "<group>"; };
		FC8256AB2DCFAABF00CBED32 /* SpellListPDFExporter.swift */ = {isa = PBXFileReference; lastKnownFileType = sourcecode.swift; path = SpellListPDFExporter.swift; sourceTree = "<group>"; };
		FC8256AE2DCFB3E800CBED32 /* ExportSpellListController.swift */ = {isa = PBXFileReference; lastKnownFileType = sourcecode.swift; path = ExportSpellListController.swift; sourceTree = "<group>"; };
		FCB135DD2D55DCDD007EEB0B /* ParsingTests.swift */ = {isa = PBXFileReference; lastKnownFileType = sourcecode.swift; path = ParsingTests.swift; sourceTree = "<group>"; };
/* End PBXFileReference section */

/* Begin PBXFrameworksBuildPhase section */
		397EE96221ACA86400B116B0 /* Frameworks */ = {
			isa = PBXFrameworksBuildPhase;
			buildActionMask = 2147483647;
			files = (
				8E74FA5329E511D300E13B91 /* ActionSheetPicker-3.0 in Frameworks */,
				8E74FA4C29E3D84300E13B91 /* Toast in Frameworks */,
				8E74FA5629E5194000E13B91 /* SimpleCheckbox in Frameworks */,
				8E74FA4629E3D7C600E13B91 /* SWXMLHash in Frameworks */,
				8E74FA5029E3DB3800E13B91 /* ReSwift in Frameworks */,
				FC2FAFD42E14F3AA00710B6A /* HtmlToPdf in Frameworks */,
			);
			runOnlyForDeploymentPostprocessing = 0;
		};
		397EE97621ACA86800B116B0 /* Frameworks */ = {
			isa = PBXFrameworksBuildPhase;
			buildActionMask = 2147483647;
			files = (
			);
			runOnlyForDeploymentPostprocessing = 0;
		};
		397EE98121ACA86900B116B0 /* Frameworks */ = {
			isa = PBXFrameworksBuildPhase;
			buildActionMask = 2147483647;
			files = (
			);
			runOnlyForDeploymentPostprocessing = 0;
		};
/* End PBXFrameworksBuildPhase section */

/* Begin PBXGroup section */
		397EE95C21ACA86300B116B0 = {
			isa = PBXGroup;
			children = (
				8E61494724199CB100842A18 /* Fonts */,
				8E61493424199B0F00842A18 /* ButtonImages */,
				8E61492F241997B000842A18 /* Data */,
				8E61492D2419970200842A18 /* SION */,
				39C5B22E21CAE0BF005F08DA /* SWRevealViewController */,
				397EE96721ACA86400B116B0 /* Spellbook */,
				397EE97C21ACA86800B116B0 /* SpellbookTests */,
				397EE98721ACA86900B116B0 /* SpellbookUITests */,
				397EE96621ACA86400B116B0 /* Products */,
				39F1046E21AD87F40068A09E /* Frameworks */,
			);
			sourceTree = "<group>";
		};
		397EE96621ACA86400B116B0 /* Products */ = {
			isa = PBXGroup;
			children = (
				397EE96521ACA86400B116B0 /* Spellbook.app */,
				397EE97921ACA86800B116B0 /* SpellbookTests.xctest */,
				397EE98421ACA86900B116B0 /* SpellbookUITests.xctest */,
			);
			name = Products;
			sourceTree = "<group>";
		};
		397EE96721ACA86400B116B0 /* Spellbook */ = {
			isa = PBXGroup;
			children = (
				FC74CE002C9FF168001AC518 /* BidirectionalMap.swift */,
				397EE96C21ACA86400B116B0 /* Main.storyboard */,
				8EEDC3E12ADA69170045D002 /* HigherLevelSlotController.swift */,
				8E07AE0C2A0F708700C0487B /* ImportCharacterController.swift */,
				8EB3692129405EAB00856738 /* SpellbookReducers.swift */,
				8EB3691D293F123900856738 /* AppReducer.swift */,
				8EB3691F293F133900856738 /* SpellbookActions.swift */,
				8E6E2B8328E9FF2400AA6483 /* SpellbookAppState.swift */,
				8E6E2B8528EBF16800AA6483 /* SpellFilterStatus.swift */,
				397EE97121ACA86800B116B0 /* LaunchScreen.storyboard */,
				8E6148CA241991C000842A18 /* AppDelegate.swift */,
				8E6148DF241991C100842A18 /* Assets.xcassets */,
				8E177F9A2432F34B005146B6 /* SortFilterTableController.swift */,
				8E6E2B7B28BC840200AA6483 /* SpellSlotStatus.swift */,
				8E92CC66243BD49900EB78B2 /* NumberFieldDelegate.swift */,
				8EBF1791243A4B15004C17FA /* TextFieldChooserActionDelegate.swift */,
				8E02F7712437F39200A3050C /* CombinationProtocols.swift */,
				8E6148B6241991BF00842A18 /* BookBackground.jpeg */,
				8E6148CD241991C100842A18 /* CasterClass.swift */,
				8E6148A4241991BF00842A18 /* CastingTime.swift */,
				8E6148A7241991BF00842A18 /* CharacterCreationController.swift */,
				8E6148B8241991BF00842A18 /* CharacterProfile.swift */,
				8E6148C2241991C000842A18 /* CharacterSelectionCell.swift */,
				8E6148C6241991C000842A18 /* CharacterSelectionController.swift */,
				8E61489F241991BE00842A18 /* CharacterTableController.swift */,
				8E6148D7241991C100842A18 /* Constants.swift */,
				8E6148C3241991C000842A18 /* Controllers.swift */,
				8E6148A5241991BF00842A18 /* DeletionPromptController.swift */,
				8EEDC3E32AE739A50045D002 /* ConfirmNextAvailableCastController.swift */,
				8E61489E241991BE00842A18 /* Duration.swift */,
				8E6148DE241991C100842A18 /* EnumMap.swift */,
				8E6148C5241991C000842A18 /* EnumUtilities.swift */,
				8E6148C7241991C000842A18 /* Extensions.swift */,
				8E02F7692436B5E200A3050C /* FilterCell.swift */,
				8E02F76F2437EC8800A3050C /* YesNoFilterDelegate.swift */,
				8E02F7632436378400A3050C /* FilterGridDelegate.swift */,
				8E02F7732438EF1400A3050C /* RangeView.xib */,
				8E02F7752438F04000A3050C /* RangeView.swift */,
				8ED0B935242E514F00A085F4 /* FilterView.swift */,
				8E02F76524363BAD00A3050C /* FilterView.xib */,
				8E6148D2241991C100842A18 /* FromRightDismissAnimator.swift */,
				8E6148AF241991BF00842A18 /* FromRightPushAnimator.swift */,
				8E6148B5241991BF00842A18 /* HashableType.swift */,
				8E6148D9241991C100842A18 /* ImageUtils.swift */,
				8E92CC64243BCE2100EB78B2 /* Images.swift */,
				8E6148DB241991C100842A18 /* Info.plist */,
				8E6148A0241991BE00842A18 /* InfoMenuCell.swift */,
				8E6148B0241991BF00842A18 /* InfoMenuViewController.swift */,
				8E6148BE241991C000842A18 /* InfoTableViewHeader.swift */,
				8E6148D3241991C100842A18 /* iOSUtils.swift */,
				8E6148A2241991BF00842A18 /* LabelViewController.swift */,
				8E6148A6241991BF00842A18 /* LengthUnit.swift */,
				8ED0B9372431392700A085F4 /* NameDisplayable.swift */,
				8E6148C0241991C000842A18 /* PopupViewController.swift */,
				8E6148CB241991C000842A18 /* Quantity.swift */,
				8E6148B9241991C000842A18 /* QuantityType.swift */,
				8E6148BD241991C000842A18 /* Range.swift */,
				8E6148BA241991C000842A18 /* School.swift */,
				8E6148A1241991BE00842A18 /* SearchButton.swift */,
				8E6148CE241991C100842A18 /* Settings.swift */,
				8E6148AD241991BF00842A18 /* SideMenuCell.swift */,
				8E6148CF241991C100842A18 /* SideMenuController.swift */,
				8E6148A8241991BF00842A18 /* SizeUtils.swift */,
				8E6148C4241991C000842A18 /* SortDirectionButton.swift */,
				8E6148B2241991BF00842A18 /* SortField.swift */,
				8E6148B3241991BF00842A18 /* Sourcebook.swift */,
				8E61489D241991BE00842A18 /* SourcebookFilterController.swift */,
				8E6148BC241991C000842A18 /* Spell.swift */,
				8E6148E1241991C200842A18 /* Spellbook.swift */,
				8E6148D4241991C100842A18 /* SpellbookError.swift */,
				8E6148E0241991C200842A18 /* SpellBuilder.swift */,
				8E6148D6241991C100842A18 /* SpellcastingInfoController.swift */,
				8E6148AA241991BF00842A18 /* SpellComparison.swift */,
				8E6148CC241991C000842A18 /* SpellDataCell.swift */,
				8E6148D0241991C100842A18 /* SpellParse.swift */,
				8E6148D5241991C100842A18 /* SpellStatus.swift */,
				8E6148AE241991BF00842A18 /* SpellTableViewController.swift */,
				8E7BD0DC244A6BEF00090C40 /* PassThroughView.swift */,
				8E6148AC241991BF00842A18 /* SpellWindowController.swift */,
				FC6B96CC2DCF25D60091A5CA /* SpellListHTMLExporter.swift */,
				8E6148D1241991C100842A18 /* StatusFilterController.swift */,
				8E6148A3241991BF00842A18 /* StatusFilterField.swift */,
				8E6148BF241991C000842A18 /* StatusPopupController.swift */,
				8E6148B1241991BF00842A18 /* StringUtils.swift */,
				8E6148DA241991C100842A18 /* SubClass.swift */,
				8E61489C241991BE00842A18 /* TimeUnit.swift */,
				8E6148AB241991BF00842A18 /* ToggleButton.swift */,
				8E6148D8241991C100842A18 /* Transitions.swift */,
				8E6148BB241991C000842A18 /* Unit.swift */,
				8E6148C9241991C000842A18 /* Util.swift */,
				8E6148B7241991BF00842A18 /* ViewController.swift */,
				8E02F76124345F6200A3050C /* YesNo.swift */,
				8E19DA4F257C094A002B4F43 /* FilterOptionView.swift */,
				8E19DA54257C095A002B4F43 /* FilterOptionView.xib */,
				8E19DA59257D6D46002B4F43 /* MessageDialogController.swift */,
				8EF6EF0A264668F60059BCE8 /* Version.swift */,
				8E7615A9264D716900686033 /* VersionInfo.swift */,
				8E6E2B7D28BC8C3F00AA6483 /* SIONUtils.swift */,
				8E6E2B8128E9FE4A00AA6483 /* SpellSlotsController.swift */,
				8E6E2B8728ED472900AA6483 /* SortFilterStatus.swift */,
				8EEA28FC297C23D8004971AD /* SpellFilter.swift */,
				8E6551B529AB42B800A3BC43 /* SpellbookMiddleware.swift */,
				8E6551B729AB470400A3BC43 /* SerializationUtils.swift */,
				8E6551B929AC63E800A3BC43 /* Toast.swift */,
				8EB5331029D54D0F00952027 /* SpellSlotCell.swift */,
				8E74FA5729EB5A6C00E13B91 /* SpellSlotsManagerController.swift */,
				8E74FA5929EBD7D900E13B91 /* SpellSlotsManagerCell.swift */,
				8E7EB4EC29F3B87F00408EA4 /* SpellSlotsManagerDelegate.swift */,
				8E07AE0E2A10AFA700C0487B /* Operators.swift */,
				FC74CDFE2C9F3938001AC518 /* Ruleset.swift */,
				FC46ED5E2DCDC93800D42840 /* SpellListExporter.swift */,
				FC46ED622DCE46D600D42840 /* SpellListMarkdownExporter.swift */,
				FC8256AB2DCFAABF00CBED32 /* SpellListPDFExporter.swift */,
				FC8256AE2DCFB3E800CBED32 /* ExportSpellListController.swift */,
				FC2FAFD72E1A4D0400710B6A /* RenameCharacterController.swift */,
			);
			path = Spellbook;
			sourceTree = "<group>";
		};
		397EE97C21ACA86800B116B0 /* SpellbookTests */ = {
			isa = PBXGroup;
			children = (
				397EE97D21ACA86800B116B0 /* SpellbookTests.swift */,
				397EE97F21ACA86800B116B0 /* Info.plist */,
				8EEAFCC92645FB4C00A05D01 /* LegacyProfileTests.swift */,
				8EF6EF0C26485A2E0059BCE8 /* VersionTests.swift */,
				8E452C0B2A3A652E00C78D9C /* CharacterProfileTests.swift */,
				FCB135DD2D55DCDD007EEB0B /* ParsingTests.swift */,
			);
			path = SpellbookTests;
			sourceTree = "<group>";
		};
		397EE98721ACA86900B116B0 /* SpellbookUITests */ = {
			isa = PBXGroup;
			children = (
				397EE98821ACA86900B116B0 /* SpellbookUITests.swift */,
				397EE98A21ACA86900B116B0 /* Info.plist */,
			);
			path = SpellbookUITests;
			sourceTree = "<group>";
		};
		39C5B22E21CAE0BF005F08DA /* SWRevealViewController */ = {
			isa = PBXGroup;
			children = (
				8E61492E2419971200842A18 /* Spellbook-Bridging-Header.h */,
				39F306A42378A4310078FA83 /* SWRevealViewController.h */,
				39F306A52378A4310078FA83 /* SWRevealViewController.m */,
			);
			path = SWRevealViewController;
			sourceTree = "<group>";
		};
		39F1046E21AD87F40068A09E /* Frameworks */ = {
			isa = PBXGroup;
			children = (
				39F1046F21AD87F40068A09E /* SION.swift */,
			);
			name = Frameworks;
			sourceTree = "<group>";
		};
		8E61492D2419970200842A18 /* SION */ = {
			isa = PBXGroup;
			children = (
				8E6148C1241991C000842A18 /* SION.swift */,
			);
			path = SION;
			sourceTree = "<group>";
		};
		8E61492F241997B000842A18 /* Data */ = {
			isa = PBXGroup;
			children = (
				8E61489B241991BE00842A18 /* Spells.json */,
				8E614930241997C300842A18 /* SpellcastingInfo.xml */,
				8E7615A8264CFA3F00686033 /* UpdateInfo.xml */,
			);
			path = Data;
			sourceTree = "<group>";
		};
		8E61493424199B0F00842A18 /* ButtonImages */ = {
			isa = PBXGroup;
			children = (
				8E13F1E2244E1B14004CCC18 /* trash_icon.png */,
				8E07AE0A2A0C957400C0487B /* clipboard_icon.png */,
				8E61493524199B2D00842A18 /* book_empty.png */,
				8E61493A24199B2D00842A18 /* book_filled.png */,
				8ED0B931242BE9E800A085F4 /* down_arrow.png */,
				8E61493924199B2D00842A18 /* star_empty.png */,
				8E61493824199B2D00842A18 /* star_filled.png */,
				8E61493C24199B2D00842A18 /* star.png */,
				8E61493724199B2D00842A18 /* up_arrow.png */,
				8E61493624199B2D00842A18 /* wand_empty.png */,
				8E61493B24199B2D00842A18 /* wand_filled.png */,
				8E61493D24199B2D00842A18 /* x_icon.png */,
			);
			path = ButtonImages;
			sourceTree = "<group>";
		};
		8E61494724199CB100842A18 /* Fonts */ = {
			isa = PBXGroup;
			children = (
				8E61494824199CBC00842A18 /* cloister_black.ttf */,
				8E61494924199CBC00842A18 /* dungeon.ttf */,
			);
			path = Fonts;
			sourceTree = "<group>";
		};
/* End PBXGroup section */

/* Begin PBXNativeTarget section */
		397EE96421ACA86400B116B0 /* Spellbook */ = {
			isa = PBXNativeTarget;
			buildConfigurationList = 397EE98D21ACA86900B116B0 /* Build configuration list for PBXNativeTarget "Spellbook" */;
			buildPhases = (
				397EE96121ACA86400B116B0 /* Sources */,
				397EE96221ACA86400B116B0 /* Frameworks */,
				397EE96321ACA86400B116B0 /* Resources */,
			);
			buildRules = (
			);
			dependencies = (
			);
			name = Spellbook;
			packageProductDependencies = (
				8E74FA4529E3D7C600E13B91 /* SWXMLHash */,
				8E74FA4B29E3D84300E13B91 /* Toast */,
				8E74FA4F29E3DB3800E13B91 /* ReSwift */,
				8E74FA5229E511D300E13B91 /* ActionSheetPicker-3.0 */,
				8E74FA5529E5194000E13B91 /* SimpleCheckbox */,
				FC2FAFD32E14F3AA00710B6A /* HtmlToPdf */,
			);
			productName = Spellbook;
			productReference = 397EE96521ACA86400B116B0 /* Spellbook.app */;
			productType = "com.apple.product-type.application";
		};
		397EE97821ACA86800B116B0 /* SpellbookTests */ = {
			isa = PBXNativeTarget;
			buildConfigurationList = 397EE99021ACA86900B116B0 /* Build configuration list for PBXNativeTarget "SpellbookTests" */;
			buildPhases = (
				397EE97521ACA86800B116B0 /* Sources */,
				397EE97621ACA86800B116B0 /* Frameworks */,
				397EE97721ACA86800B116B0 /* Resources */,
			);
			buildRules = (
			);
			dependencies = (
				397EE97B21ACA86800B116B0 /* PBXTargetDependency */,
			);
			name = SpellbookTests;
			productName = SpellbookTests;
			productReference = 397EE97921ACA86800B116B0 /* SpellbookTests.xctest */;
			productType = "com.apple.product-type.bundle.unit-test";
		};
		397EE98321ACA86900B116B0 /* SpellbookUITests */ = {
			isa = PBXNativeTarget;
			buildConfigurationList = 397EE99321ACA86900B116B0 /* Build configuration list for PBXNativeTarget "SpellbookUITests" */;
			buildPhases = (
				397EE98021ACA86900B116B0 /* Sources */,
				397EE98121ACA86900B116B0 /* Frameworks */,
				397EE98221ACA86900B116B0 /* Resources */,
			);
			buildRules = (
			);
			dependencies = (
				397EE98621ACA86900B116B0 /* PBXTargetDependency */,
			);
			name = SpellbookUITests;
			productName = SpellbookUITests;
			productReference = 397EE98421ACA86900B116B0 /* SpellbookUITests.xctest */;
			productType = "com.apple.product-type.bundle.ui-testing";
		};
/* End PBXNativeTarget section */

/* Begin PBXProject section */
		397EE95D21ACA86300B116B0 /* Project object */ = {
			isa = PBXProject;
			attributes = {
				LastSwiftUpdateCheck = 1010;
				LastUpgradeCheck = 1010;
				ORGANIZATIONNAME = "Jonathan Carifio";
				TargetAttributes = {
					397EE96421ACA86400B116B0 = {
						CreatedOnToolsVersion = 10.1;
						LastSwiftMigration = 1140;
					};
					397EE97821ACA86800B116B0 = {
						CreatedOnToolsVersion = 10.1;
						LastSwiftMigration = 1140;
						TestTargetID = 397EE96421ACA86400B116B0;
					};
					397EE98321ACA86900B116B0 = {
						CreatedOnToolsVersion = 10.1;
						LastSwiftMigration = 1140;
						TestTargetID = 397EE96421ACA86400B116B0;
					};
				};
			};
			buildConfigurationList = 397EE96021ACA86300B116B0 /* Build configuration list for PBXProject "Spellbook" */;
			compatibilityVersion = "Xcode 9.3";
			developmentRegion = en;
			hasScannedForEncodings = 0;
			knownRegions = (
				en,
				Base,
			);
			mainGroup = 397EE95C21ACA86300B116B0;
			packageReferences = (
				8E74FA4429E3D7C600E13B91 /* XCRemoteSwiftPackageReference "SWXMLHash" */,
				8E74FA4A29E3D84300E13B91 /* XCRemoteSwiftPackageReference "Toast-Swift" */,
				8E74FA4E29E3DB3800E13B91 /* XCRemoteSwiftPackageReference "ReSwift" */,
				8E74FA5129E511D300E13B91 /* XCRemoteSwiftPackageReference "ActionSheetPicker-3" */,
				8E74FA5429E5194000E13B91 /* XCRemoteSwiftPackageReference "SimpleCheckbox" */,
				FC8256AD2DCFAC5400CBED32 /* XCRemoteSwiftPackageReference "swift-html-to-pdf" */,
			);
			productRefGroup = 397EE96621ACA86400B116B0 /* Products */;
			projectDirPath = "";
			projectRoot = "";
			targets = (
				397EE96421ACA86400B116B0 /* Spellbook */,
				397EE97821ACA86800B116B0 /* SpellbookTests */,
				397EE98321ACA86900B116B0 /* SpellbookUITests */,
			);
		};
/* End PBXProject section */

/* Begin PBXResourcesBuildPhase section */
		397EE96321ACA86400B116B0 /* Resources */ = {
			isa = PBXResourcesBuildPhase;
			buildActionMask = 2147483647;
			files = (
				8E61494224199B2D00842A18 /* star_empty.png in Resources */,
				8E02F76624363BAD00A3050C /* FilterView.xib in Resources */,
				8E61494024199B2D00842A18 /* up_arrow.png in Resources */,
				8E614931241997C300842A18 /* SpellcastingInfo.xml in Resources */,
				8E61494B24199ED800842A18 /* dungeon.ttf in Resources */,
				8E61493F24199B2D00842A18 /* wand_empty.png in Resources */,
				8E61494324199B2D00842A18 /* book_filled.png in Resources */,
				8E61494424199B2D00842A18 /* wand_filled.png in Resources */,
				8E61494624199B2D00842A18 /* x_icon.png in Resources */,
				8EBC99CA2651B84A00E18669 /* UpdateInfo.xml in Resources */,
				8E61494124199B2D00842A18 /* star_filled.png in Resources */,
				8E61493E24199B2D00842A18 /* book_empty.png in Resources */,
				397EE97321ACA86800B116B0 /* LaunchScreen.storyboard in Resources */,
				397EE96E21ACA86400B116B0 /* Main.storyboard in Resources */,
				8E19DA55257C095A002B4F43 /* FilterOptionView.xib in Resources */,
				8E6148FD241991C200842A18 /* BookBackground.jpeg in Resources */,
				8E61494524199B2D00842A18 /* star.png in Resources */,
				8E614926241991C200842A18 /* Assets.xcassets in Resources */,
				8E13F1E3244E1B15004CCC18 /* trash_icon.png in Resources */,
				8E02F7742438EF1400A3050C /* RangeView.xib in Resources */,
				8E6148E2241991C200842A18 /* Spells.json in Resources */,
				8E07AE0B2A0C957400C0487B /* clipboard_icon.png in Resources */,
				8E61494A24199ED500842A18 /* cloister_black.ttf in Resources */,
				8ED0B932242BE9E800A085F4 /* down_arrow.png in Resources */,
			);
			runOnlyForDeploymentPostprocessing = 0;
		};
		397EE97721ACA86800B116B0 /* Resources */ = {
			isa = PBXResourcesBuildPhase;
			buildActionMask = 2147483647;
			files = (
			);
			runOnlyForDeploymentPostprocessing = 0;
		};
		397EE98221ACA86900B116B0 /* Resources */ = {
			isa = PBXResourcesBuildPhase;
			buildActionMask = 2147483647;
			files = (
			);
			runOnlyForDeploymentPostprocessing = 0;
		};
/* End PBXResourcesBuildPhase section */

/* Begin PBXSourcesBuildPhase section */
		397EE96121ACA86400B116B0 /* Sources */ = {
			isa = PBXSourcesBuildPhase;
			buildActionMask = 2147483647;
			files = (
				8E6E2B7E28BC8C3F00AA6483 /* SIONUtils.swift in Sources */,
				8E61490B241991C200842A18 /* SortDirectionButton.swift in Sources */,
				8E614928241991C200842A18 /* Spellbook.swift in Sources */,
				8E7BD0DD244A6BEF00090C40 /* PassThroughView.swift in Sources */,
				8E61491D241991C200842A18 /* SpellcastingInfoController.swift in Sources */,
				8E6148F3241991C200842A18 /* SpellWindowController.swift in Sources */,
				8E6148F6241991C200842A18 /* FromRightPushAnimator.swift in Sources */,
				8E614915241991C200842A18 /* Settings.swift in Sources */,
				8E02F7702437EC8800A3050C /* YesNoFilterDelegate.swift in Sources */,
				8E6148FC241991C200842A18 /* HashableType.swift in Sources */,
				8E6148E8241991C200842A18 /* SearchButton.swift in Sources */,
				8E614909241991C200842A18 /* CharacterSelectionCell.swift in Sources */,
				FC6B96CD2DCF25D60091A5CA /* SpellListHTMLExporter.swift in Sources */,
				8E614921241991C200842A18 /* SubClass.swift in Sources */,
				8E614913241991C200842A18 /* SpellDataCell.swift in Sources */,
				8E614902241991C200842A18 /* Unit.swift in Sources */,
				FC74CE012C9FF168001AC518 /* BidirectionalMap.swift in Sources */,
				8E02F7722437F39200A3050C /* CombinationProtocols.swift in Sources */,
				8E614920241991C200842A18 /* ImageUtils.swift in Sources */,
				8E07AE0F2A10AFA700C0487B /* Operators.swift in Sources */,
				8E6148F4241991C200842A18 /* SideMenuCell.swift in Sources */,
				8E614918241991C200842A18 /* StatusFilterController.swift in Sources */,
				8E6148EC241991C200842A18 /* DeletionPromptController.swift in Sources */,
				8E7EB4ED29F3B87F00408EA4 /* SpellSlotsManagerDelegate.swift in Sources */,
				8E614907241991C200842A18 /* PopupViewController.swift in Sources */,
				8E6148EE241991C200842A18 /* CharacterCreationController.swift in Sources */,
				8E614911241991C200842A18 /* AppDelegate.swift in Sources */,
				8E61490A241991C200842A18 /* Controllers.swift in Sources */,
				8E92CC65243BCE2100EB78B2 /* Images.swift in Sources */,
				8E61490D241991C200842A18 /* CharacterSelectionController.swift in Sources */,
				8E177F9B2432F34B005146B6 /* SortFilterTableController.swift in Sources */,
				8E6E2B8828ED472900AA6483 /* SortFilterStatus.swift in Sources */,
				8E6148F9241991C200842A18 /* SortField.swift in Sources */,
				8E614906241991C200842A18 /* StatusPopupController.swift in Sources */,
				8E6148EA241991C200842A18 /* StatusFilterField.swift in Sources */,
				8E6148F2241991C200842A18 /* ToggleButton.swift in Sources */,
				8E614914241991C200842A18 /* CasterClass.swift in Sources */,
				8E74FA5829EB5A6C00E13B91 /* SpellSlotsManagerController.swift in Sources */,
				FC74CDFF2C9F3938001AC518 /* Ruleset.swift in Sources */,
				8E02F7762438F04000A3050C /* RangeView.swift in Sources */,
				8E614917241991C200842A18 /* SpellParse.swift in Sources */,
				8E614901241991C200842A18 /* School.swift in Sources */,
				8E6148E3241991C200842A18 /* TimeUnit.swift in Sources */,
				8E02F7642436378400A3050C /* FilterGridDelegate.swift in Sources */,
				8E614900241991C200842A18 /* QuantityType.swift in Sources */,
				8E6551B629AB42B800A3BC43 /* SpellbookMiddleware.swift in Sources */,
				8E6148FF241991C200842A18 /* CharacterProfile.swift in Sources */,
				8E614905241991C200842A18 /* InfoTableViewHeader.swift in Sources */,
				8EB36920293F133900856738 /* SpellbookActions.swift in Sources */,
				8E614912241991C200842A18 /* Quantity.swift in Sources */,
				8E6E2B8628EBF16800AA6483 /* SpellFilterStatus.swift in Sources */,
				8E6E2B8228E9FE4A00AA6483 /* SpellSlotsController.swift in Sources */,
				8EB3691E293F123900856738 /* AppReducer.swift in Sources */,
				8E6148F8241991C200842A18 /* StringUtils.swift in Sources */,
				8EEDC3E22ADA69170045D002 /* HigherLevelSlotController.swift in Sources */,
				8E614927241991C200842A18 /* SpellBuilder.swift in Sources */,
				FC46ED5F2DCDC93800D42840 /* SpellListExporter.swift in Sources */,
				8E02F76224345F6200A3050C /* YesNo.swift in Sources */,
				8E07AE0D2A0F708700C0487B /* ImportCharacterController.swift in Sources */,
				8EEDC3E42AE739A60045D002 /* ConfirmNextAvailableCastController.swift in Sources */,
				8EEA28FD297C23D8004971AD /* SpellFilter.swift in Sources */,
				8E614916241991C200842A18 /* SideMenuController.swift in Sources */,
				8E74FA5A29EBD7D900E13B91 /* SpellSlotsManagerCell.swift in Sources */,
				8E6148F5241991C200842A18 /* SpellTableViewController.swift in Sources */,
				8E6148E4241991C200842A18 /* SourcebookFilterController.swift in Sources */,
				8E6551BA29AC63E800A3BC43 /* Toast.swift in Sources */,
				FC46ED632DCE46D600D42840 /* SpellListMarkdownExporter.swift in Sources */,
				8EF6EF0B264668F60059BCE8 /* Version.swift in Sources */,
				8E61491E241991C200842A18 /* Constants.swift in Sources */,
				8E614908241991C200842A18 /* SION.swift in Sources */,
				8E614904241991C200842A18 /* Range.swift in Sources */,
				8E19DA50257C094A002B4F43 /* FilterOptionView.swift in Sources */,
				FC8256AF2DCFB3E800CBED32 /* ExportSpellListController.swift in Sources */,
				8EB3692229405EAB00856738 /* SpellbookReducers.swift in Sources */,
				8E6148E9241991C200842A18 /* LabelViewController.swift in Sources */,
				FC2FAFD82E1A4D0400710B6A /* RenameCharacterController.swift in Sources */,
				8E6148E7241991C200842A18 /* InfoMenuCell.swift in Sources */,
				8E61490C241991C200842A18 /* EnumUtilities.swift in Sources */,
				8E614919241991C200842A18 /* FromRightDismissAnimator.swift in Sources */,
				8E61490E241991C200842A18 /* Extensions.swift in Sources */,
				8E7615AA264D716900686033 /* VersionInfo.swift in Sources */,
				8E02F76A2436B5E200A3050C /* FilterCell.swift in Sources */,
				8E61491B241991C200842A18 /* SpellbookError.swift in Sources */,
				8E6148FE241991C200842A18 /* ViewController.swift in Sources */,
				8E6148EF241991C200842A18 /* SizeUtils.swift in Sources */,
				8E6148F7241991C200842A18 /* InfoMenuViewController.swift in Sources */,
				8E6E2B7C28BC840200AA6483 /* SpellSlotStatus.swift in Sources */,
				8ED0B9382431392700A085F4 /* NameDisplayable.swift in Sources */,
				8ED0B936242E514F00A085F4 /* FilterView.swift in Sources */,
				8E614910241991C200842A18 /* Util.swift in Sources */,
				8E6148EB241991C200842A18 /* CastingTime.swift in Sources */,
				8E614925241991C200842A18 /* EnumMap.swift in Sources */,
				8EB5331129D54D0F00952027 /* SpellSlotCell.swift in Sources */,
				8E614903241991C200842A18 /* Spell.swift in Sources */,
				8EBF1792243A4B15004C17FA /* TextFieldChooserActionDelegate.swift in Sources */,
				8E61491C241991C200842A18 /* SpellStatus.swift in Sources */,
				8E6148FA241991C200842A18 /* Sourcebook.swift in Sources */,
				8E6148F1241991C200842A18 /* SpellComparison.swift in Sources */,
				8E6148E6241991C200842A18 /* CharacterTableController.swift in Sources */,
				8E6148ED241991C200842A18 /* LengthUnit.swift in Sources */,
				8E61491A241991C200842A18 /* iOSUtils.swift in Sources */,
				39F306A62378A4310078FA83 /* SWRevealViewController.m in Sources */,
				8E6551B829AB470400A3BC43 /* SerializationUtils.swift in Sources */,
				8E19DA5A257D6D46002B4F43 /* MessageDialogController.swift in Sources */,
				FC8256AC2DCFAABF00CBED32 /* SpellListPDFExporter.swift in Sources */,
				8E61491F241991C200842A18 /* Transitions.swift in Sources */,
				8E6E2B8428E9FF2400AA6483 /* SpellbookAppState.swift in Sources */,
				8E6148E5241991C200842A18 /* Duration.swift in Sources */,
				8E92CC67243BD49900EB78B2 /* NumberFieldDelegate.swift in Sources */,
			);
			runOnlyForDeploymentPostprocessing = 0;
		};
		397EE97521ACA86800B116B0 /* Sources */ = {
			isa = PBXSourcesBuildPhase;
			buildActionMask = 2147483647;
			files = (
				397EE97E21ACA86800B116B0 /* SpellbookTests.swift in Sources */,
				8EEAFCCA2645FB4C00A05D01 /* LegacyProfileTests.swift in Sources */,
				8EF6EF0D26485A2E0059BCE8 /* VersionTests.swift in Sources */,
				FCB135DE2D55DCDD007EEB0B /* ParsingTests.swift in Sources */,
				8E452C0C2A3A652E00C78D9C /* CharacterProfileTests.swift in Sources */,
			);
			runOnlyForDeploymentPostprocessing = 0;
		};
		397EE98021ACA86900B116B0 /* Sources */ = {
			isa = PBXSourcesBuildPhase;
			buildActionMask = 2147483647;
			files = (
				397EE98921ACA86900B116B0 /* SpellbookUITests.swift in Sources */,
			);
			runOnlyForDeploymentPostprocessing = 0;
		};
/* End PBXSourcesBuildPhase section */

/* Begin PBXTargetDependency section */
		397EE97B21ACA86800B116B0 /* PBXTargetDependency */ = {
			isa = PBXTargetDependency;
			target = 397EE96421ACA86400B116B0 /* Spellbook */;
			targetProxy = 397EE97A21ACA86800B116B0 /* PBXContainerItemProxy */;
		};
		397EE98621ACA86900B116B0 /* PBXTargetDependency */ = {
			isa = PBXTargetDependency;
			target = 397EE96421ACA86400B116B0 /* Spellbook */;
			targetProxy = 397EE98521ACA86900B116B0 /* PBXContainerItemProxy */;
		};
/* End PBXTargetDependency section */

/* Begin PBXVariantGroup section */
		397EE96C21ACA86400B116B0 /* Main.storyboard */ = {
			isa = PBXVariantGroup;
			children = (
				397EE96D21ACA86400B116B0 /* Base */,
			);
			name = Main.storyboard;
			sourceTree = "<group>";
		};
		397EE97121ACA86800B116B0 /* LaunchScreen.storyboard */ = {
			isa = PBXVariantGroup;
			children = (
				397EE97221ACA86800B116B0 /* Base */,
			);
			name = LaunchScreen.storyboard;
			sourceTree = "<group>";
		};
/* End PBXVariantGroup section */

/* Begin XCBuildConfiguration section */
		397EE98B21ACA86900B116B0 /* Debug */ = {
			isa = XCBuildConfiguration;
			buildSettings = {
				ALWAYS_SEARCH_USER_PATHS = NO;
				CLANG_ANALYZER_NONNULL = YES;
				CLANG_ANALYZER_NUMBER_OBJECT_CONVERSION = YES_AGGRESSIVE;
				CLANG_CXX_LANGUAGE_STANDARD = "gnu++14";
				CLANG_CXX_LIBRARY = "libc++";
				CLANG_ENABLE_MODULES = YES;
				CLANG_ENABLE_OBJC_ARC = YES;
				CLANG_ENABLE_OBJC_WEAK = YES;
				CLANG_WARN_BLOCK_CAPTURE_AUTORELEASING = YES;
				CLANG_WARN_BOOL_CONVERSION = YES;
				CLANG_WARN_COMMA = YES;
				CLANG_WARN_CONSTANT_CONVERSION = YES;
				CLANG_WARN_DEPRECATED_OBJC_IMPLEMENTATIONS = YES;
				CLANG_WARN_DIRECT_OBJC_ISA_USAGE = YES_ERROR;
				CLANG_WARN_DOCUMENTATION_COMMENTS = YES;
				CLANG_WARN_EMPTY_BODY = YES;
				CLANG_WARN_ENUM_CONVERSION = YES;
				CLANG_WARN_INFINITE_RECURSION = YES;
				CLANG_WARN_INT_CONVERSION = YES;
				CLANG_WARN_NON_LITERAL_NULL_CONVERSION = YES;
				CLANG_WARN_OBJC_IMPLICIT_RETAIN_SELF = YES;
				CLANG_WARN_OBJC_LITERAL_CONVERSION = YES;
				CLANG_WARN_OBJC_ROOT_CLASS = YES_ERROR;
				CLANG_WARN_RANGE_LOOP_ANALYSIS = YES;
				CLANG_WARN_STRICT_PROTOTYPES = YES;
				CLANG_WARN_SUSPICIOUS_MOVE = YES;
				CLANG_WARN_UNGUARDED_AVAILABILITY = YES_AGGRESSIVE;
				CLANG_WARN_UNREACHABLE_CODE = YES;
				CLANG_WARN__DUPLICATE_METHOD_MATCH = YES;
				CODE_SIGN_IDENTITY = "iPhone Developer";
				COPY_PHASE_STRIP = NO;
				DEBUG_INFORMATION_FORMAT = dwarf;
				ENABLE_STRICT_OBJC_MSGSEND = YES;
				ENABLE_TESTABILITY = YES;
				GCC_C_LANGUAGE_STANDARD = gnu11;
				GCC_DYNAMIC_NO_PIC = NO;
				GCC_NO_COMMON_BLOCKS = YES;
				GCC_OPTIMIZATION_LEVEL = 0;
				GCC_PREPROCESSOR_DEFINITIONS = (
					"DEBUG=1",
					"$(inherited)",
				);
				GCC_WARN_64_TO_32_BIT_CONVERSION = YES;
				GCC_WARN_ABOUT_RETURN_TYPE = YES_ERROR;
				GCC_WARN_UNDECLARED_SELECTOR = YES;
				GCC_WARN_UNINITIALIZED_AUTOS = YES_AGGRESSIVE;
				GCC_WARN_UNUSED_FUNCTION = YES;
				GCC_WARN_UNUSED_VARIABLE = YES;
				IPHONEOS_DEPLOYMENT_TARGET = 12.0;
				MTL_ENABLE_DEBUG_INFO = INCLUDE_SOURCE;
				MTL_FAST_MATH = YES;
				ONLY_ACTIVE_ARCH = YES;
				SDKROOT = iphoneos;
				SWIFT_ACTIVE_COMPILATION_CONDITIONS = DEBUG;
				SWIFT_OPTIMIZATION_LEVEL = "-Onone";
			};
			name = Debug;
		};
		397EE98C21ACA86900B116B0 /* Release */ = {
			isa = XCBuildConfiguration;
			buildSettings = {
				ALWAYS_SEARCH_USER_PATHS = NO;
				CLANG_ANALYZER_NONNULL = YES;
				CLANG_ANALYZER_NUMBER_OBJECT_CONVERSION = YES_AGGRESSIVE;
				CLANG_CXX_LANGUAGE_STANDARD = "gnu++14";
				CLANG_CXX_LIBRARY = "libc++";
				CLANG_ENABLE_MODULES = YES;
				CLANG_ENABLE_OBJC_ARC = YES;
				CLANG_ENABLE_OBJC_WEAK = YES;
				CLANG_WARN_BLOCK_CAPTURE_AUTORELEASING = YES;
				CLANG_WARN_BOOL_CONVERSION = YES;
				CLANG_WARN_COMMA = YES;
				CLANG_WARN_CONSTANT_CONVERSION = YES;
				CLANG_WARN_DEPRECATED_OBJC_IMPLEMENTATIONS = YES;
				CLANG_WARN_DIRECT_OBJC_ISA_USAGE = YES_ERROR;
				CLANG_WARN_DOCUMENTATION_COMMENTS = YES;
				CLANG_WARN_EMPTY_BODY = YES;
				CLANG_WARN_ENUM_CONVERSION = YES;
				CLANG_WARN_INFINITE_RECURSION = YES;
				CLANG_WARN_INT_CONVERSION = YES;
				CLANG_WARN_NON_LITERAL_NULL_CONVERSION = YES;
				CLANG_WARN_OBJC_IMPLICIT_RETAIN_SELF = YES;
				CLANG_WARN_OBJC_LITERAL_CONVERSION = YES;
				CLANG_WARN_OBJC_ROOT_CLASS = YES_ERROR;
				CLANG_WARN_RANGE_LOOP_ANALYSIS = YES;
				CLANG_WARN_STRICT_PROTOTYPES = YES;
				CLANG_WARN_SUSPICIOUS_MOVE = YES;
				CLANG_WARN_UNGUARDED_AVAILABILITY = YES_AGGRESSIVE;
				CLANG_WARN_UNREACHABLE_CODE = YES;
				CLANG_WARN__DUPLICATE_METHOD_MATCH = YES;
				CODE_SIGN_IDENTITY = "iPhone Developer";
				COPY_PHASE_STRIP = NO;
				DEBUG_INFORMATION_FORMAT = "dwarf-with-dsym";
				ENABLE_NS_ASSERTIONS = NO;
				ENABLE_STRICT_OBJC_MSGSEND = YES;
				GCC_C_LANGUAGE_STANDARD = gnu11;
				GCC_NO_COMMON_BLOCKS = YES;
				GCC_WARN_64_TO_32_BIT_CONVERSION = YES;
				GCC_WARN_ABOUT_RETURN_TYPE = YES_ERROR;
				GCC_WARN_UNDECLARED_SELECTOR = YES;
				GCC_WARN_UNINITIALIZED_AUTOS = YES_AGGRESSIVE;
				GCC_WARN_UNUSED_FUNCTION = YES;
				GCC_WARN_UNUSED_VARIABLE = YES;
				IPHONEOS_DEPLOYMENT_TARGET = 12.0;
				MTL_ENABLE_DEBUG_INFO = NO;
				MTL_FAST_MATH = YES;
				SDKROOT = iphoneos;
				SWIFT_COMPILATION_MODE = wholemodule;
				SWIFT_OPTIMIZATION_LEVEL = "-O";
				VALIDATE_PRODUCT = YES;
			};
			name = Release;
		};
		397EE98E21ACA86900B116B0 /* Debug */ = {
			isa = XCBuildConfiguration;
			buildSettings = {
				ASSETCATALOG_COMPILER_APPICON_NAME = AppIcon;
				CLANG_ENABLE_MODULES = YES;
				CODE_SIGN_IDENTITY = "iPhone Developer";
				CODE_SIGN_STYLE = Automatic;
				"CODE_SIGN_STYLE[sdk=iphoneos*]" = Automatic;
				CURRENT_PROJECT_VERSION = 57;
				DEFINES_MODULE = NO;
				DEVELOPMENT_TEAM = RSR87G74R7;
				EXCLUDED_ARCHS = "";
				INFOPLIST_FILE = Spellbook/Info.plist;
				IPHONEOS_DEPLOYMENT_TARGET = 14.0;
				LD_RUNPATH_SEARCH_PATHS = (
					"$(inherited)",
					"@executable_path/Frameworks",
				);
				MARKETING_VERSION = 3.8.0;
				PRODUCT_BUNDLE_IDENTIFIER = dnd.jon.Spellbook;
				PRODUCT_NAME = "$(TARGET_NAME)";
				PROVISIONING_PROFILE_SPECIFIER = "";
				SWIFT_OBJC_BRIDGING_HEADER = "SWRevealViewController/Spellbook-Bridging-Header.h";
				SWIFT_OPTIMIZATION_LEVEL = "-Onone";
				SWIFT_VERSION = 5.0;
				TARGETED_DEVICE_FAMILY = 1;
			};
			name = Debug;
		};
		397EE98F21ACA86900B116B0 /* Release */ = {
			isa = XCBuildConfiguration;
			buildSettings = {
				ASSETCATALOG_COMPILER_APPICON_NAME = AppIcon;
				CLANG_ENABLE_MODULES = YES;
				CODE_SIGN_IDENTITY = "iPhone Developer";
				CODE_SIGN_STYLE = Automatic;
				"CODE_SIGN_STYLE[sdk=iphoneos*]" = Automatic;
				CURRENT_PROJECT_VERSION = 57;
				DEFINES_MODULE = NO;
				DEVELOPMENT_TEAM = RSR87G74R7;
				EXCLUDED_ARCHS = "";
				INFOPLIST_FILE = Spellbook/Info.plist;
				IPHONEOS_DEPLOYMENT_TARGET = 14.0;
				LD_RUNPATH_SEARCH_PATHS = (
					"$(inherited)",
					"@executable_path/Frameworks",
				);
				MARKETING_VERSION = 3.8.0;
				PRODUCT_BUNDLE_IDENTIFIER = dnd.jon.Spellbook;
				PRODUCT_NAME = "$(TARGET_NAME)";
				PROVISIONING_PROFILE_SPECIFIER = "";
				SWIFT_OBJC_BRIDGING_HEADER = "SWRevealViewController/Spellbook-Bridging-Header.h";
				SWIFT_VERSION = 5.0;
				TARGETED_DEVICE_FAMILY = 1;
			};
			name = Release;
		};
		397EE99121ACA86900B116B0 /* Debug */ = {
			isa = XCBuildConfiguration;
			buildSettings = {
				ALWAYS_EMBED_SWIFT_STANDARD_LIBRARIES = YES;
				BUNDLE_LOADER = "$(TEST_HOST)";
				CODE_SIGN_STYLE = Automatic;
				DEVELOPMENT_TEAM = RSR87G74R7;
				INFOPLIST_FILE = SpellbookTests/Info.plist;
				IPHONEOS_DEPLOYMENT_TARGET = 14.0;
				LD_RUNPATH_SEARCH_PATHS = (
					"$(inherited)",
					"@executable_path/Frameworks",
					"@loader_path/Frameworks",
				);
				PRODUCT_BUNDLE_IDENTIFIER = dnd.jon.SpellbookTests;
				PRODUCT_NAME = "$(TARGET_NAME)";
				SWIFT_ACTIVE_COMPILATION_CONDITIONS = DEBUG;
				SWIFT_OBJC_BRIDGING_HEADER = "SWRevealViewController/Spellbook-Bridging-Header.h";
				SWIFT_VERSION = 5.0;
				TARGETED_DEVICE_FAMILY = "1,2";
				TEST_HOST = "$(BUILT_PRODUCTS_DIR)/Spellbook.app/Spellbook";
			};
			name = Debug;
		};
		397EE99221ACA86900B116B0 /* Release */ = {
			isa = XCBuildConfiguration;
			buildSettings = {
				ALWAYS_EMBED_SWIFT_STANDARD_LIBRARIES = YES;
				BUNDLE_LOADER = "$(TEST_HOST)";
				CODE_SIGN_STYLE = Automatic;
				DEVELOPMENT_TEAM = RSR87G74R7;
				INFOPLIST_FILE = SpellbookTests/Info.plist;
				IPHONEOS_DEPLOYMENT_TARGET = 14.0;
				LD_RUNPATH_SEARCH_PATHS = (
					"$(inherited)",
					"@executable_path/Frameworks",
					"@loader_path/Frameworks",
				);
				PRODUCT_BUNDLE_IDENTIFIER = dnd.jon.SpellbookTests;
				PRODUCT_NAME = "$(TARGET_NAME)";
				SWIFT_OBJC_BRIDGING_HEADER = "SWRevealViewController/Spellbook-Bridging-Header.h";
				SWIFT_VERSION = 5.0;
				TARGETED_DEVICE_FAMILY = "1,2";
				TEST_HOST = "$(BUILT_PRODUCTS_DIR)/Spellbook.app/Spellbook";
			};
			name = Release;
		};
		397EE99421ACA86900B116B0 /* Debug */ = {
			isa = XCBuildConfiguration;
			buildSettings = {
				ALWAYS_EMBED_SWIFT_STANDARD_LIBRARIES = YES;
				CODE_SIGN_STYLE = Automatic;
				DEVELOPMENT_TEAM = RSR87G74R7;
				INFOPLIST_FILE = SpellbookUITests/Info.plist;
				IPHONEOS_DEPLOYMENT_TARGET = 14.0;
				LD_RUNPATH_SEARCH_PATHS = (
					"$(inherited)",
					"@executable_path/Frameworks",
					"@loader_path/Frameworks",
				);
				PRODUCT_BUNDLE_IDENTIFIER = dnd.jon.SpellbookUITests;
				PRODUCT_NAME = "$(TARGET_NAME)";
				SWIFT_VERSION = 5.0;
				TARGETED_DEVICE_FAMILY = "1,2";
				TEST_TARGET_NAME = Spellbook;
			};
			name = Debug;
		};
		397EE99521ACA86900B116B0 /* Release */ = {
			isa = XCBuildConfiguration;
			buildSettings = {
				ALWAYS_EMBED_SWIFT_STANDARD_LIBRARIES = YES;
				CODE_SIGN_STYLE = Automatic;
				DEVELOPMENT_TEAM = RSR87G74R7;
				INFOPLIST_FILE = SpellbookUITests/Info.plist;
				IPHONEOS_DEPLOYMENT_TARGET = 14.0;
				LD_RUNPATH_SEARCH_PATHS = (
					"$(inherited)",
					"@executable_path/Frameworks",
					"@loader_path/Frameworks",
				);
				PRODUCT_BUNDLE_IDENTIFIER = dnd.jon.SpellbookUITests;
				PRODUCT_NAME = "$(TARGET_NAME)";
				SWIFT_VERSION = 5.0;
				TARGETED_DEVICE_FAMILY = "1,2";
				TEST_TARGET_NAME = Spellbook;
			};
			name = Release;
		};
/* End XCBuildConfiguration section */

/* Begin XCConfigurationList section */
		397EE96021ACA86300B116B0 /* Build configuration list for PBXProject "Spellbook" */ = {
			isa = XCConfigurationList;
			buildConfigurations = (
				397EE98B21ACA86900B116B0 /* Debug */,
				397EE98C21ACA86900B116B0 /* Release */,
			);
			defaultConfigurationIsVisible = 0;
			defaultConfigurationName = Release;
		};
		397EE98D21ACA86900B116B0 /* Build configuration list for PBXNativeTarget "Spellbook" */ = {
			isa = XCConfigurationList;
			buildConfigurations = (
				397EE98E21ACA86900B116B0 /* Debug */,
				397EE98F21ACA86900B116B0 /* Release */,
			);
			defaultConfigurationIsVisible = 0;
			defaultConfigurationName = Release;
		};
		397EE99021ACA86900B116B0 /* Build configuration list for PBXNativeTarget "SpellbookTests" */ = {
			isa = XCConfigurationList;
			buildConfigurations = (
				397EE99121ACA86900B116B0 /* Debug */,
				397EE99221ACA86900B116B0 /* Release */,
			);
			defaultConfigurationIsVisible = 0;
			defaultConfigurationName = Release;
		};
		397EE99321ACA86900B116B0 /* Build configuration list for PBXNativeTarget "SpellbookUITests" */ = {
			isa = XCConfigurationList;
			buildConfigurations = (
				397EE99421ACA86900B116B0 /* Debug */,
				397EE99521ACA86900B116B0 /* Release */,
			);
			defaultConfigurationIsVisible = 0;
			defaultConfigurationName = Release;
		};
/* End XCConfigurationList section */

/* Begin XCRemoteSwiftPackageReference section */
		8E74FA4429E3D7C600E13B91 /* XCRemoteSwiftPackageReference "SWXMLHash" */ = {
			isa = XCRemoteSwiftPackageReference;
			repositoryURL = "https://github.com/drmohundro/SWXMLHash.git";
			requirement = {
				kind = upToNextMajorVersion;
				minimumVersion = 7.0.0;
			};
		};
		8E74FA4A29E3D84300E13B91 /* XCRemoteSwiftPackageReference "Toast-Swift" */ = {
			isa = XCRemoteSwiftPackageReference;
			repositoryURL = "https://github.com/scalessec/Toast-Swift";
			requirement = {
				kind = upToNextMajorVersion;
				minimumVersion = 5.0.0;
			};
		};
		8E74FA4E29E3DB3800E13B91 /* XCRemoteSwiftPackageReference "ReSwift" */ = {
			isa = XCRemoteSwiftPackageReference;
			repositoryURL = "https://github.com/ReSwift/ReSwift.git";
			requirement = {
				kind = upToNextMajorVersion;
				minimumVersion = 6.0.0;
			};
		};
		8E74FA5129E511D300E13B91 /* XCRemoteSwiftPackageReference "ActionSheetPicker-3" */ = {
			isa = XCRemoteSwiftPackageReference;
			repositoryURL = "https://github.com/skywinder/ActionSheetPicker-3.0";
			requirement = {
				kind = revision;
				revision = 8d82c21036c2f478a47908a7fc107ec7027abcab;
			};
		};
		8E74FA5429E5194000E13B91 /* XCRemoteSwiftPackageReference "SimpleCheckbox" */ = {
			isa = XCRemoteSwiftPackageReference;
			repositoryURL = "https://github.com/BeauNouvelle/SimpleCheckbox.git";
			requirement = {
				kind = upToNextMinorVersion;
				minimumVersion = 2.5.0;
			};
		};
		FC8256AD2DCFAC5400CBED32 /* XCRemoteSwiftPackageReference "swift-html-to-pdf" */ = {
			isa = XCRemoteSwiftPackageReference;
			repositoryURL = "https://github.com/coenttb/swift-html-to-pdf.git";
			requirement = {
				kind = upToNextMajorVersion;
				minimumVersion = 0.4.0;
			};
		};
/* End XCRemoteSwiftPackageReference section */

/* Begin XCSwiftPackageProductDependency section */
		8E74FA4529E3D7C600E13B91 /* SWXMLHash */ = {
			isa = XCSwiftPackageProductDependency;
			package = 8E74FA4429E3D7C600E13B91 /* XCRemoteSwiftPackageReference "SWXMLHash" */;
			productName = SWXMLHash;
		};
		8E74FA4B29E3D84300E13B91 /* Toast */ = {
			isa = XCSwiftPackageProductDependency;
			package = 8E74FA4A29E3D84300E13B91 /* XCRemoteSwiftPackageReference "Toast-Swift" */;
			productName = Toast;
		};
		8E74FA4F29E3DB3800E13B91 /* ReSwift */ = {
			isa = XCSwiftPackageProductDependency;
			package = 8E74FA4E29E3DB3800E13B91 /* XCRemoteSwiftPackageReference "ReSwift" */;
			productName = ReSwift;
		};
		8E74FA5229E511D300E13B91 /* ActionSheetPicker-3.0 */ = {
			isa = XCSwiftPackageProductDependency;
			package = 8E74FA5129E511D300E13B91 /* XCRemoteSwiftPackageReference "ActionSheetPicker-3" */;
			productName = "ActionSheetPicker-3.0";
		};
		8E74FA5529E5194000E13B91 /* SimpleCheckbox */ = {
			isa = XCSwiftPackageProductDependency;
			package = 8E74FA5429E5194000E13B91 /* XCRemoteSwiftPackageReference "SimpleCheckbox" */;
			productName = SimpleCheckbox;
		};
		FC2FAFD32E14F3AA00710B6A /* HtmlToPdf */ = {
			isa = XCSwiftPackageProductDependency;
			package = FC8256AD2DCFAC5400CBED32 /* XCRemoteSwiftPackageReference "swift-html-to-pdf" */;
			productName = HtmlToPdf;
		};
/* End XCSwiftPackageProductDependency section */
	};
	rootObject = 397EE95D21ACA86300B116B0 /* Project object */;
}
