{
  "originHash" : "cf2216abba0eb2180a6f4d920103cda5fe5206d47e7549dd2680f0c1d4975521",
  "pins" : [
    {
      "identity" : "actionsheetpicker-3.0",
      "kind" : "remoteSourceControl",
      "location" : "https://github.com/skywinder/ActionSheetPicker-3.0",
      "state" : {
        "revision" : "8d82c21036c2f478a47908a7fc107ec7027abcab"
      }
    },
    {
      "identity" : "reswift",
      "kind" : "remoteSourceControl",
      "location" : "https://github.com/ReSwift/ReSwift.git",
      "state" : {
        "revision" : "26d3095bdf55f093501bf3a749bb2718bab671b3",
        "version" : "6.0.0"
      }
    },
    {
      "identity" : "simplecheckbox",
      "kind" : "remoteSourceControl",
      "location" : "https://github.com/BeauNouvelle/SimpleCheckbox.git",
      "state" : {
        "revision" : "d7fa095107a5b27ed1bfe89005bc060417b0a9b2",
        "version" : "2.5.0"
      }
    },
    {
      "identity" : "swxmlhash",
      "kind" : "remoteSourceControl",
      "location" : "https://github.com/drmohundro/SWXMLHash.git",
      "state" : {
        "revision" : "4d0f62f561458cbe1f732171e625f03195151b60",
        "version" : "7.0.1"
      }
    },
    {
      "identity" : "toast-swift",
      "kind" : "remoteSourceControl",
      "location" : "https://github.com/scalessec/Toast-Swift",
      "state" : {
        "revision" : "0c9493eeacb102cc614da385cfaaf475379f4ab4",
        "version" : "5.0.1"
      }
    }
  ],
  "version" : 3
}
